// !$*UTF8*$!
{
	archiveVersion = 1;
	classes = {
	};
	objectVersion = 56;
	objects = {

/* Begin PBXBuildFile section */
		B116AD992B71E25400932AE1 /* AppDelegate.swift in Sources */ = {isa = PBXBuildFile; fileRef = B116AD982B71E25400932AE1 /* AppDelegate.swift */; };
		B116AD9B2B71E25400932AE1 /* SceneDelegate.swift in Sources */ = {isa = PBXBuildFile; fileRef = B116AD9A2B71E25400932AE1 /* SceneDelegate.swift */; };
		B116AD9D2B71E25400932AE1 /* HomeViewController.swift in Sources */ = {isa = PBXBuildFile; fileRef = B116AD9C2B71E25400932AE1 /* HomeViewController.swift */; };
		B116ADA22B71E25600932AE1 /* Assets.xcassets in Resources */ = {isa = PBXBuildFile; fileRef = B116ADA12B71E25600932AE1 /* Assets.xcassets */; };
		B116ADA52B71E25600932AE1 /* LaunchScreen.storyboard in Resources */ = {isa = PBXBuildFile; fileRef = B116ADA32B71E25600932AE1 /* LaunchScreen.storyboard */; };
		B116ADB32B71E45E00932AE1 /* TabBarViewController.swift in Sources */ = {isa = PBXBuildFile; fileRef = B116ADB22B71E45E00932AE1 /* TabBarViewController.swift */; };
		B116ADB52B71E48000932AE1 /* SearchViewController.swift in Sources */ = {isa = PBXBuildFile; fileRef = B116ADB42B71E48000932AE1 /* SearchViewController.swift */; };
		B116ADB72B71E49100932AE1 /* LibraryViewController.swift in Sources */ = {isa = PBXBuildFile; fileRef = B116ADB62B71E49100932AE1 /* LibraryViewController.swift */; };
		B116ADBB2B71E4AF00932AE1 /* AuthViewController.swift in Sources */ = {isa = PBXBuildFile; fileRef = B116ADBA2B71E4AF00932AE1 /* AuthViewController.swift */; };
		B116ADBD2B71E4B900932AE1 /* WelcomeViewController.swift in Sources */ = {isa = PBXBuildFile; fileRef = B116ADBC2B71E4B900932AE1 /* WelcomeViewController.swift */; };
		B116ADBF2B71E4CB00932AE1 /* SettingsViewController.swift in Sources */ = {isa = PBXBuildFile; fileRef = B116ADBE2B71E4CB00932AE1 /* SettingsViewController.swift */; };
		B116ADC12B71E4D300932AE1 /* ProfileViewController.swift in Sources */ = {isa = PBXBuildFile; fileRef = B116ADC02B71E4D300932AE1 /* ProfileViewController.swift */; };
		B116ADC32B71E4E200932AE1 /* PlayerViewController.swift in Sources */ = {isa = PBXBuildFile; fileRef = B116ADC22B71E4E200932AE1 /* PlayerViewController.swift */; };
		B116ADC52B71E4F100932AE1 /* PlaylistViewController.swift in Sources */ = {isa = PBXBuildFile; fileRef = B116ADC42B71E4F100932AE1 /* PlaylistViewController.swift */; };
		B116ADC72B71E50000932AE1 /* SearchResultsViewController.swift in Sources */ = {isa = PBXBuildFile; fileRef = B116ADC62B71E50000932AE1 /* SearchResultsViewController.swift */; };
		B116ADC92B71E52000932AE1 /* AuthManger.swift in Sources */ = {isa = PBXBuildFile; fileRef = B116ADC82B71E52000932AE1 /* AuthManger.swift */; };
		B116ADCB2B71E52B00932AE1 /* APICaller.swift in Sources */ = {isa = PBXBuildFile; fileRef = B116ADCA2B71E52B00932AE1 /* APICaller.swift */; };
		B116ADCD2B71E53800932AE1 /* HapticsManager.swift in Sources */ = {isa = PBXBuildFile; fileRef = B116ADCC2B71E53800932AE1 /* HapticsManager.swift */; };
		B116ADCF2B71E55000932AE1 /* Playlist.swift in Sources */ = {isa = PBXBuildFile; fileRef = B116ADCE2B71E55000932AE1 /* Playlist.swift */; };
		B116ADD12B71E55C00932AE1 /* AudioTrack.swift in Sources */ = {isa = PBXBuildFile; fileRef = B116ADD02B71E55C00932AE1 /* AudioTrack.swift */; };
		B116ADD32B71E56200932AE1 /* Artist.swift in Sources */ = {isa = PBXBuildFile; fileRef = B116ADD22B71E56200932AE1 /* Artist.swift */; };
		B116ADD52B71E56E00932AE1 /* UserProfile.swift in Sources */ = {isa = PBXBuildFile; fileRef = B116ADD42B71E56E00932AE1 /* UserProfile.swift */; };
		B116ADD72B72835000932AE1 /* Extensions.swift in Sources */ = {isa = PBXBuildFile; fileRef = B116ADD62B72835000932AE1 /* Extensions.swift */; };
		B116ADDA2B72883400932AE1 /* SpotifyiOS in Frameworks */ = {isa = PBXBuildFile; productRef = B116ADD92B72883400932AE1 /* SpotifyiOS */; };
		B116ADDD2B72AB3E00932AE1 /* AuthResponse.swift in Sources */ = {isa = PBXBuildFile; fileRef = B116ADDC2B72AB3E00932AE1 /* AuthResponse.swift */; };
/* End PBXBuildFile section */

/* Begin PBXFileReference section */
		B116AD952B71E25400932AE1 /* SpotifyClone.app */ = {isa = PBXFileReference; explicitFileType = wrapper.application; includeInIndex = 0; path = SpotifyClone.app; sourceTree = BUILT_PRODUCTS_DIR; };
		B116AD982B71E25400932AE1 /* AppDelegate.swift */ = {isa = PBXFileReference; lastKnownFileType = sourcecode.swift; path = AppDelegate.swift; sourceTree = "<group>"; };
		B116AD9A2B71E25400932AE1 /* SceneDelegate.swift */ = {isa = PBXFileReference; lastKnownFileType = sourcecode.swift; path = SceneDelegate.swift; sourceTree = "<group>"; };
		B116AD9C2B71E25400932AE1 /* HomeViewController.swift */ = {isa = PBXFileReference; lastKnownFileType = sourcecode.swift; path = HomeViewController.swift; sourceTree = "<group>"; };
		B116ADA12B71E25600932AE1 /* Assets.xcassets */ = {isa = PBXFileReference; lastKnownFileType = folder.assetcatalog; path = Assets.xcassets; sourceTree = "<group>"; };
		B116ADA42B71E25600932AE1 /* Base */ = {isa = PBXFileReference; lastKnownFileType = file.storyboard; name = Base; path = Base.lproj/LaunchScreen.storyboard; sourceTree = "<group>"; };
		B116ADA62B71E25600932AE1 /* Info.plist */ = {isa = PBXFileReference; lastKnownFileType = text.plist.xml; path = Info.plist; sourceTree = "<group>"; };
		B116ADB22B71E45E00932AE1 /* TabBarViewController.swift */ = {isa = PBXFileReference; lastKnownFileType = sourcecode.swift; path = TabBarViewController.swift; sourceTree = "<group>"; };
		B116ADB42B71E48000932AE1 /* SearchViewController.swift */ = {isa = PBXFileReference; lastKnownFileType = sourcecode.swift; path = SearchViewController.swift; sourceTree = "<group>"; };
		B116ADB62B71E49100932AE1 /* LibraryViewController.swift */ = {isa = PBXFileReference; lastKnownFileType = sourcecode.swift; path = LibraryViewController.swift; sourceTree = "<group>"; };
		B116ADBA2B71E4AF00932AE1 /* AuthViewController.swift */ = {isa = PBXFileReference; lastKnownFileType = sourcecode.swift; path = AuthViewController.swift; sourceTree = "<group>"; };
		B116ADBC2B71E4B900932AE1 /* WelcomeViewController.swift */ = {isa = PBXFileReference; lastKnownFileType = sourcecode.swift; path = WelcomeViewController.swift; sourceTree = "<group>"; };
		B116ADBE2B71E4CB00932AE1 /* SettingsViewController.swift */ = {isa = PBXFileReference; lastKnownFileType = sourcecode.swift; path = SettingsViewController.swift; sourceTree = "<group>"; };
		B116ADC02B71E4D300932AE1 /* ProfileViewController.swift */ = {isa = PBXFileReference; lastKnownFileType = sourcecode.swift; path = ProfileViewController.swift; sourceTree = "<group>"; };
		B116ADC22B71E4E200932AE1 /* PlayerViewController.swift */ = {isa = PBXFileReference; lastKnownFileType = sourcecode.swift; path = PlayerViewController.swift; sourceTree = "<group>"; };
		B116ADC42B71E4F100932AE1 /* PlaylistViewController.swift */ = {isa = PBXFileReference; lastKnownFileType = sourcecode.swift; path = PlaylistViewController.swift; sourceTree = "<group>"; };
		B116ADC62B71E50000932AE1 /* SearchResultsViewController.swift */ = {isa = PBXFileReference; lastKnownFileType = sourcecode.swift; path = SearchResultsViewController.swift; sourceTree = "<group>"; };
		B116ADC82B71E52000932AE1 /* AuthManger.swift */ = {isa = PBXFileReference; lastKnownFileType = sourcecode.swift; path = AuthManger.swift; sourceTree = "<group>"; };
		B116ADCA2B71E52B00932AE1 /* APICaller.swift */ = {isa = PBXFileReference; lastKnownFileType = sourcecode.swift; path = APICaller.swift; sourceTree = "<group>"; };
		B116ADCC2B71E53800932AE1 /* HapticsManager.swift */ = {isa = PBXFileReference; lastKnownFileType = sourcecode.swift; path = HapticsManager.swift; sourceTree = "<group>"; };
		B116ADCE2B71E55000932AE1 /* Playlist.swift */ = {isa = PBXFileReference; lastKnownFileType = sourcecode.swift; path = Playlist.swift; sourceTree = "<group>"; };
		B116ADD02B71E55C00932AE1 /* AudioTrack.swift */ = {isa = PBXFileReference; lastKnownFileType = sourcecode.swift; path = AudioTrack.swift; sourceTree = "<group>"; };
		B116ADD22B71E56200932AE1 /* Artist.swift */ = {isa = PBXFileReference; lastKnownFileType = sourcecode.swift; path = Artist.swift; sourceTree = "<group>"; };
		B116ADD42B71E56E00932AE1 /* UserProfile.swift */ = {isa = PBXFileReference; lastKnownFileType = sourcecode.swift; path = UserProfile.swift; sourceTree = "<group>"; };
		B116ADD62B72835000932AE1 /* Extensions.swift */ = {isa = PBXFileReference; lastKnownFileType = sourcecode.swift; path = Extensions.swift; sourceTree = "<group>"; };
		B116ADDC2B72AB3E00932AE1 /* AuthResponse.swift */ = {isa = PBXFileReference; lastKnownFileType = sourcecode.swift; path = AuthResponse.swift; sourceTree = "<group>"; };
		B116ADDE2B72B56400932AE1 /* Config.xcconfig */ = {isa = PBXFileReference; lastKnownFileType = text.xcconfig; path = Config.xcconfig; sourceTree = "<group>"; };
/* End PBXFileReference section */

/* Begin PBXFrameworksBuildPhase section */
		B116AD922B71E25400932AE1 /* Frameworks */ = {
			isa = PBXFrameworksBuildPhase;
			buildActionMask = 2147483647;
			files = (
				B116ADDA2B72883400932AE1 /* SpotifyiOS in Frameworks */,
			);
			runOnlyForDeploymentPostprocessing = 0;
		};
/* End PBXFrameworksBuildPhase section */

/* Begin PBXGroup section */
		B116AD8C2B71E25400932AE1 = {
			isa = PBXGroup;
			children = (
				B116ADDE2B72B56400932AE1 /* Config.xcconfig */,
				B116AD972B71E25400932AE1 /* SpotifyClone */,
				B116AD962B71E25400932AE1 /* Products */,
			);
			sourceTree = "<group>";
		};
		B116AD962B71E25400932AE1 /* Products */ = {
			isa = PBXGroup;
			children = (
				B116AD952B71E25400932AE1 /* SpotifyClone.app */,
			);
			name = Products;
			sourceTree = "<group>";
		};
		B116AD972B71E25400932AE1 /* SpotifyClone */ = {
			isa = PBXGroup;
			children = (
				B116ADB12B71E28700932AE1 /* Resources */,
				B116ADB02B71E28300932AE1 /* Managers */,
				B116ADAF2B71E27D00932AE1 /* ViewModels */,
				B116ADAE2B71E27500932AE1 /* Models */,
				B116ADAD2B71E26D00932AE1 /* View */,
				B116ADAC2B71E26400932AE1 /* Controllers */,
				B116ADA62B71E25600932AE1 /* Info.plist */,
			);
			path = SpotifyClone;
			sourceTree = "<group>";
		};
		B116ADAC2B71E26400932AE1 /* Controllers */ = {
			isa = PBXGroup;
			children = (
				B116ADB92B71E4A100932AE1 /* Other */,
				B116ADB82B71E49500932AE1 /* Core */,
			);
			path = Controllers;
			sourceTree = "<group>";
		};
		B116ADAD2B71E26D00932AE1 /* View */ = {
			isa = PBXGroup;
			children = (
				B116ADA32B71E25600932AE1 /* LaunchScreen.storyboard */,
			);
			path = View;
			sourceTree = "<group>";
		};
		B116ADAE2B71E27500932AE1 /* Models */ = {
			isa = PBXGroup;
			children = (
				B116ADCE2B71E55000932AE1 /* Playlist.swift */,
				B116ADD02B71E55C00932AE1 /* AudioTrack.swift */,
				B116ADD22B71E56200932AE1 /* Artist.swift */,
				B116ADD42B71E56E00932AE1 /* UserProfile.swift */,
				B116ADDC2B72AB3E00932AE1 /* AuthResponse.swift */,
			);
			path = Models;
			sourceTree = "<group>";
		};
		B116ADAF2B71E27D00932AE1 /* ViewModels */ = {
			isa = PBXGroup;
			children = (
			);
			path = ViewModels;
			sourceTree = "<group>";
		};
		B116ADB02B71E28300932AE1 /* Managers */ = {
			isa = PBXGroup;
			children = (
				B116ADC82B71E52000932AE1 /* AuthManger.swift */,
				B116ADCA2B71E52B00932AE1 /* APICaller.swift */,
				B116ADCC2B71E53800932AE1 /* HapticsManager.swift */,
			);
			path = Managers;
			sourceTree = "<group>";
		};
		B116ADB12B71E28700932AE1 /* Resources */ = {
			isa = PBXGroup;
			children = (
				B116ADA12B71E25600932AE1 /* Assets.xcassets */,
				B116AD982B71E25400932AE1 /* AppDelegate.swift */,
				B116AD9A2B71E25400932AE1 /* SceneDelegate.swift */,
				B116ADD62B72835000932AE1 /* Extensions.swift */,
			);
			path = Resources;
			sourceTree = "<group>";
		};
		B116ADB82B71E49500932AE1 /* Core */ = {
			isa = PBXGroup;
			children = (
				B116AD9C2B71E25400932AE1 /* HomeViewController.swift */,
				B116ADB22B71E45E00932AE1 /* TabBarViewController.swift */,
				B116ADB42B71E48000932AE1 /* SearchViewController.swift */,
				B116ADB62B71E49100932AE1 /* LibraryViewController.swift */,
			);
			path = Core;
			sourceTree = "<group>";
		};
		B116ADB92B71E4A100932AE1 /* Other */ = {
			isa = PBXGroup;
			children = (
				B116ADBA2B71E4AF00932AE1 /* AuthViewController.swift */,
				B116ADBC2B71E4B900932AE1 /* WelcomeViewController.swift */,
				B116ADBE2B71E4CB00932AE1 /* SettingsViewController.swift */,
				B116ADC02B71E4D300932AE1 /* ProfileViewController.swift */,
				B116ADC22B71E4E200932AE1 /* PlayerViewController.swift */,
				B116ADC42B71E4F100932AE1 /* PlaylistViewController.swift */,
				B116ADC62B71E50000932AE1 /* SearchResultsViewController.swift */,
			);
			path = Other;
			sourceTree = "<group>";
		};
/* End PBXGroup section */

/* Begin PBXNativeTarget section */
		B116AD942B71E25400932AE1 /* SpotifyClone */ = {
			isa = PBXNativeTarget;
			buildConfigurationList = B116ADA92B71E25600932AE1 /* Build configuration list for PBXNativeTarget "SpotifyClone" */;
			buildPhases = (
				B116AD912B71E25400932AE1 /* Sources */,
				B116AD922B71E25400932AE1 /* Frameworks */,
				B116AD932B71E25400932AE1 /* Resources */,
			);
			buildRules = (
			);
			dependencies = (
			);
			name = SpotifyClone;
			packageProductDependencies = (
				B116ADD92B72883400932AE1 /* SpotifyiOS */,
			);
			productName = SpotifyClone;
			productReference = B116AD952B71E25400932AE1 /* SpotifyClone.app */;
			productType = "com.apple.product-type.application";
		};
/* End PBXNativeTarget section */

/* Begin PBXProject section */
		B116AD8D2B71E25400932AE1 /* Project object */ = {
			isa = PBXProject;
			attributes = {
				BuildIndependentTargetsInParallel = 1;
				LastSwiftUpdateCheck = 1520;
				LastUpgradeCheck = 1520;
				TargetAttributes = {
					B116AD942B71E25400932AE1 = {
						CreatedOnToolsVersion = 15.2;
					};
				};
			};
			buildConfigurationList = B116AD902B71E25400932AE1 /* Build configuration list for PBXProject "SpotifyClone" */;
			compatibilityVersion = "Xcode 14.0";
			developmentRegion = en;
			hasScannedForEncodings = 0;
			knownRegions = (
				en,
				Base,
			);
			mainGroup = B116AD8C2B71E25400932AE1;
			packageReferences = (
				B116ADD82B72883400932AE1 /* XCRemoteSwiftPackageReference "ios-sdk" */,
			);
			productRefGroup = B116AD962B71E25400932AE1 /* Products */;
			projectDirPath = "";
			projectRoot = "";
			targets = (
				B116AD942B71E25400932AE1 /* SpotifyClone */,
			);
		};
/* End PBXProject section */

/* Begin PBXResourcesBuildPhase section */
		B116AD932B71E25400932AE1 /* Resources */ = {
			isa = PBXResourcesBuildPhase;
			buildActionMask = 2147483647;
			files = (
				B116ADA52B71E25600932AE1 /* LaunchScreen.storyboard in Resources */,
				B116ADA22B71E25600932AE1 /* Assets.xcassets in Resources */,
			);
			runOnlyForDeploymentPostprocessing = 0;
		};
/* End PBXResourcesBuildPhase section */

/* Begin PBXSourcesBuildPhase section */
		B116AD912B71E25400932AE1 /* Sources */ = {
			isa = PBXSourcesBuildPhase;
			buildActionMask = 2147483647;
			files = (
				B116ADB52B71E48000932AE1 /* SearchViewController.swift in Sources */,
				B116ADD52B71E56E00932AE1 /* UserProfile.swift in Sources */,
				B116ADCF2B71E55000932AE1 /* Playlist.swift in Sources */,
				B116ADC72B71E50000932AE1 /* SearchResultsViewController.swift in Sources */,
				B116ADBD2B71E4B900932AE1 /* WelcomeViewController.swift in Sources */,
				B116ADC12B71E4D300932AE1 /* ProfileViewController.swift in Sources */,
				B116ADB32B71E45E00932AE1 /* TabBarViewController.swift in Sources */,
				B116ADC92B71E52000932AE1 /* AuthManger.swift in Sources */,
				B116ADDD2B72AB3E00932AE1 /* AuthResponse.swift in Sources */,
				B116ADCD2B71E53800932AE1 /* HapticsManager.swift in Sources */,
				B116ADD12B71E55C00932AE1 /* AudioTrack.swift in Sources */,
				B116AD9D2B71E25400932AE1 /* HomeViewController.swift in Sources */,
				B116ADBB2B71E4AF00932AE1 /* AuthViewController.swift in Sources */,
				B116AD992B71E25400932AE1 /* AppDelegate.swift in Sources */,
				B116ADD72B72835000932AE1 /* Extensions.swift in Sources */,
				B116ADB72B71E49100932AE1 /* LibraryViewController.swift in Sources */,
				B116ADD32B71E56200932AE1 /* Artist.swift in Sources */,
				B116ADC52B71E4F100932AE1 /* PlaylistViewController.swift in Sources */,
				B116AD9B2B71E25400932AE1 /* SceneDelegate.swift in Sources */,
				B116ADC32B71E4E200932AE1 /* PlayerViewController.swift in Sources */,
				B116ADCB2B71E52B00932AE1 /* APICaller.swift in Sources */,
				B116ADBF2B71E4CB00932AE1 /* SettingsViewController.swift in Sources */,
			);
			runOnlyForDeploymentPostprocessing = 0;
		};
/* End PBXSourcesBuildPhase section */

/* Begin PBXVariantGroup section */
		B116ADA32B71E25600932AE1 /* LaunchScreen.storyboard */ = {
			isa = PBXVariantGroup;
			children = (
				B116ADA42B71E25600932AE1 /* Base */,
			);
			name = LaunchScreen.storyboard;
			sourceTree = "<group>";
		};
/* End PBXVariantGroup section */

/* Begin XCBuildConfiguration section */
		B116ADA72B71E25600932AE1 /* Debug */ = {
			isa = XCBuildConfiguration;
			baseConfigurationReference = B116ADDE2B72B56400932AE1 /* Config.xcconfig */;
			buildSettings = {
				ALWAYS_SEARCH_USER_PATHS = NO;
				ASSETCATALOG_COMPILER_GENERATE_SWIFT_ASSET_SYMBOL_EXTENSIONS = YES;
				CLANG_ANALYZER_NONNULL = YES;
				CLANG_ANALYZER_NUMBER_OBJECT_CONVERSION = YES_AGGRESSIVE;
				CLANG_CXX_LANGUAGE_STANDARD = "gnu++20";
				CLANG_ENABLE_MODULES = YES;
				CLANG_ENABLE_OBJC_ARC = YES;
				CLANG_ENABLE_OBJC_WEAK = YES;
				CLANG_WARN_BLOCK_CAPTURE_AUTORELEASING = YES;
				CLANG_WARN_BOOL_CONVERSION = YES;
				CLANG_WARN_COMMA = YES;
				CLANG_WARN_CONSTANT_CONVERSION = YES;
				CLANG_WARN_DEPRECATED_OBJC_IMPLEMENTATIONS = YES;
				CLANG_WARN_DIRECT_OBJC_ISA_USAGE = YES_ERROR;
				CLANG_WARN_DOCUMENTATION_COMMENTS = YES;
				CLANG_WARN_EMPTY_BODY = YES;
				CLANG_WARN_ENUM_CONVERSION = YES;
				CLANG_WARN_INFINITE_RECURSION = YES;
				CLANG_WARN_INT_CONVERSION = YES;
				CLANG_WARN_NON_LITERAL_NULL_CONVERSION = YES;
				CLANG_WARN_OBJC_IMPLICIT_RETAIN_SELF = YES;
				CLANG_WARN_OBJC_LITERAL_CONVERSION = YES;
				CLANG_WARN_OBJC_ROOT_CLASS = YES_ERROR;
				CLANG_WARN_QUOTED_INCLUDE_IN_FRAMEWORK_HEADER = YES;
				CLANG_WARN_RANGE_LOOP_ANALYSIS = YES;
				CLANG_WARN_STRICT_PROTOTYPES = YES;
				CLANG_WARN_SUSPICIOUS_MOVE = YES;
				CLANG_WARN_UNGUARDED_AVAILABILITY = YES_AGGRESSIVE;
				CLANG_WARN_UNREACHABLE_CODE = YES;
				CLANG_WARN__DUPLICATE_METHOD_MATCH = YES;
				COPY_PHASE_STRIP = NO;
				DEBUG_INFORMATION_FORMAT = dwarf;
				ENABLE_STRICT_OBJC_MSGSEND = YES;
				ENABLE_TESTABILITY = YES;
				ENABLE_USER_SCRIPT_SANDBOXING = YES;
				GCC_C_LANGUAGE_STANDARD = gnu17;
				GCC_DYNAMIC_NO_PIC = NO;
				GCC_NO_COMMON_BLOCKS = YES;
				GCC_OPTIMIZATION_LEVEL = 0;
				GCC_PREPROCESSOR_DEFINITIONS = (
					"DEBUG=1",
					"$(inherited)",
				);
				GCC_WARN_64_TO_32_BIT_CONVERSION = YES;
				GCC_WARN_ABOUT_RETURN_TYPE = YES_ERROR;
				GCC_WARN_UNDECLARED_SELECTOR = YES;
				GCC_WARN_UNINITIALIZED_AUTOS = YES_AGGRESSIVE;
				GCC_WARN_UNUSED_FUNCTION = YES;
				GCC_WARN_UNUSED_VARIABLE = YES;
				IPHONEOS_DEPLOYMENT_TARGET = 17.2;
				LOCALIZATION_PREFERS_STRING_CATALOGS = YES;
				MTL_ENABLE_DEBUG_INFO = INCLUDE_SOURCE;
				MTL_FAST_MATH = YES;
				ONLY_ACTIVE_ARCH = YES;
				SDKROOT = iphoneos;
				SWIFT_ACTIVE_COMPILATION_CONDITIONS = "DEBUG $(inherited)";
				SWIFT_OPTIMIZATION_LEVEL = "-Onone";
			};
			name = Debug;
		};
		B116ADA82B71E25600932AE1 /* Release */ = {
			isa = XCBuildConfiguration;
			baseConfigurationReference = B116ADDE2B72B56400932AE1 /* Config.xcconfig */;
			buildSettings = {
				ALWAYS_SEARCH_USER_PATHS = NO;
				ASSETCATALOG_COMPILER_GENERATE_SWIFT_ASSET_SYMBOL_EXTENSIONS = YES;
				CLANG_ANALYZER_NONNULL = YES;
				CLANG_ANALYZER_NUMBER_OBJECT_CONVERSION = YES_AGGRESSIVE;
				CLANG_CXX_LANGUAGE_STANDARD = "gnu++20";
				CLANG_ENABLE_MODULES = YES;
				CLANG_ENABLE_OBJC_ARC = YES;
				CLANG_ENABLE_OBJC_WEAK = YES;
				CLANG_WARN_BLOCK_CAPTURE_AUTORELEASING = YES;
				CLANG_WARN_BOOL_CONVERSION = YES;
				CLANG_WARN_COMMA = YES;
				CLANG_WARN_CONSTANT_CONVERSION = YES;
				CLANG_WARN_DEPRECATED_OBJC_IMPLEMENTATIONS = YES;
				CLANG_WARN_DIRECT_OBJC_ISA_USAGE = YES_ERROR;
				CLANG_WARN_DOCUMENTATION_COMMENTS = YES;
				CLANG_WARN_EMPTY_BODY = YES;
				CLANG_WARN_ENUM_CONVERSION = YES;
				CLANG_WARN_INFINITE_RECURSION = YES;
				CLANG_WARN_INT_CONVERSION = YES;
				CLANG_WARN_NON_LITERAL_NULL_CONVERSION = YES;
				CLANG_WARN_OBJC_IMPLICIT_RETAIN_SELF = YES;
				CLANG_WARN_OBJC_LITERAL_CONVERSION = YES;
				CLANG_WARN_OBJC_ROOT_CLASS = YES_ERROR;
				CLANG_WARN_QUOTED_INCLUDE_IN_FRAMEWORK_HEADER = YES;
				CLANG_WARN_RANGE_LOOP_ANALYSIS = YES;
				CLANG_WARN_STRICT_PROTOTYPES = YES;
				CLANG_WARN_SUSPICIOUS_MOVE = YES;
				CLANG_WARN_UNGUARDED_AVAILABILITY = YES_AGGRESSIVE;
				CLANG_WARN_UNREACHABLE_CODE = YES;
				CLANG_WARN__DUPLICATE_METHOD_MATCH = YES;
				COPY_PHASE_STRIP = NO;
				DEBUG_INFORMATION_FORMAT = "dwarf-with-dsym";
				ENABLE_NS_ASSERTIONS = NO;
				ENABLE_STRICT_OBJC_MSGSEND = YES;
				ENABLE_USER_SCRIPT_SANDBOXING = YES;
				GCC_C_LANGUAGE_STANDARD = gnu17;
				GCC_NO_COMMON_BLOCKS = YES;
				GCC_WARN_64_TO_32_BIT_CONVERSION = YES;
				GCC_WARN_ABOUT_RETURN_TYPE = YES_ERROR;
				GCC_WARN_UNDECLARED_SELECTOR = YES;
				GCC_WARN_UNINITIALIZED_AUTOS = YES_AGGRESSIVE;
				GCC_WARN_UNUSED_FUNCTION = YES;
				GCC_WARN_UNUSED_VARIABLE = YES;
				IPHONEOS_DEPLOYMENT_TARGET = 17.2;
				LOCALIZATION_PREFERS_STRING_CATALOGS = YES;
				MTL_ENABLE_DEBUG_INFO = NO;
				MTL_FAST_MATH = YES;
				SDKROOT = iphoneos;
				SWIFT_COMPILATION_MODE = wholemodule;
				VALIDATE_PRODUCT = YES;
			};
			name = Release;
		};
		B116ADAA2B71E25600932AE1 /* Debug */ = {
			isa = XCBuildConfiguration;
			buildSettings = {
				ASSETCATALOG_COMPILER_APPICON_NAME = AppIcon;
				ASSETCATALOG_COMPILER_GLOBAL_ACCENT_COLOR_NAME = AccentColor;
				CODE_SIGN_STYLE = Automatic;
				CURRENT_PROJECT_VERSION = 1;
				DEVELOPMENT_TEAM = 7J4CZQNAZR;
				GENERATE_INFOPLIST_FILE = YES;
				INFOPLIST_FILE = SpotifyClone/Info.plist;
				INFOPLIST_KEY_UIApplicationSupportsIndirectInputEvents = YES;
				INFOPLIST_KEY_UILaunchStoryboardName = LaunchScreen;
				INFOPLIST_KEY_UISupportedInterfaceOrientations_iPad = "UIInterfaceOrientationPortrait UIInterfaceOrientationPortraitUpsideDown UIInterfaceOrientationLandscapeLeft UIInterfaceOrientationLandscapeRight";
				INFOPLIST_KEY_UISupportedInterfaceOrientations_iPhone = "UIInterfaceOrientationPortrait UIInterfaceOrientationLandscapeLeft UIInterfaceOrientationLandscapeRight";
				LD_RUNPATH_SEARCH_PATHS = (
					"$(inherited)",
					"@executable_path/Frameworks",
				);
				MARKETING_VERSION = 1.0;
				OTHER_LDFLAGS = "";
				PRODUCT_BUNDLE_IDENTIFIER = phan.mike.SpotifyClone;
				PRODUCT_NAME = "$(TARGET_NAME)";
				SWIFT_EMIT_LOC_STRINGS = YES;
				SWIFT_OBJC_BRIDGING_HEADER = "";
				SWIFT_VERSION = 5.0;
				TARGETED_DEVICE_FAMILY = "1,2";
			};
			name = Debug;
		};
		B116ADAB2B71E25600932AE1 /* Release */ = {
			isa = XCBuildConfiguration;
			buildSettings = {
				ASSETCATALOG_COMPILER_APPICON_NAME = AppIcon;
				ASSETCATALOG_COMPILER_GLOBAL_ACCENT_COLOR_NAME = AccentColor;
				CODE_SIGN_STYLE = Automatic;
				CURRENT_PROJECT_VERSION = 1;
				DEVELOPMENT_TEAM = 7J4CZQNAZR;
				GENERATE_INFOPLIST_FILE = YES;
				INFOPLIST_FILE = SpotifyClone/Info.plist;
				INFOPLIST_KEY_UIApplicationSupportsIndirectInputEvents = YES;
				INFOPLIST_KEY_UILaunchStoryboardName = LaunchScreen;
				INFOPLIST_KEY_UISupportedInterfaceOrientations_iPad = "UIInterfaceOrientationPortrait UIInterfaceOrientationPortraitUpsideDown UIInterfaceOrientationLandscapeLeft UIInterfaceOrientationLandscapeRight";
				INFOPLIST_KEY_UISupportedInterfaceOrientations_iPhone = "UIInterfaceOrientationPortrait UIInterfaceOrientationLandscapeLeft UIInterfaceOrientationLandscapeRight";
				LD_RUNPATH_SEARCH_PATHS = (
					"$(inherited)",
					"@executable_path/Frameworks",
				);
				MARKETING_VERSION = 1.0;
				OTHER_LDFLAGS = "";
				PRODUCT_BUNDLE_IDENTIFIER = phan.mike.SpotifyClone;
				PRODUCT_NAME = "$(TARGET_NAME)";
				SWIFT_EMIT_LOC_STRINGS = YES;
				SWIFT_OBJC_BRIDGING_HEADER = "";
				SWIFT_VERSION = 5.0;
				TARGETED_DEVICE_FAMILY = "1,2";
			};
			name = Release;
		};
/* End XCBuildConfiguration section */

/* Begin XCConfigurationList section */
		B116AD902B71E25400932AE1 /* Build configuration list for PBXProject "SpotifyClone" */ = {
			isa = XCConfigurationList;
			buildConfigurations = (
				B116ADA72B71E25600932AE1 /* Debug */,
				B116ADA82B71E25600932AE1 /* Release */,
			);
			defaultConfigurationIsVisible = 0;
			defaultConfigurationName = Release;
		};
		B116ADA92B71E25600932AE1 /* Build configuration list for PBXNativeTarget "SpotifyClone" */ = {
			isa = XCConfigurationList;
			buildConfigurations = (
				B116ADAA2B71E25600932AE1 /* Debug */,
				B116ADAB2B71E25600932AE1 /* Release */,
			);
			defaultConfigurationIsVisible = 0;
			defaultConfigurationName = Release;
		};
/* End XCConfigurationList section */

/* Begin XCRemoteSwiftPackageReference section */
		B116ADD82B72883400932AE1 /* XCRemoteSwiftPackageReference "ios-sdk" */ = {
			isa = XCRemoteSwiftPackageReference;
			repositoryURL = "https://github.com/spotify/ios-sdk.git";
			requirement = {
				branch = master;
				kind = branch;
			};
		};
/* End XCRemoteSwiftPackageReference section */

/* Begin XCSwiftPackageProductDependency section */
		B116ADD92B72883400932AE1 /* SpotifyiOS */ = {
			isa = XCSwiftPackageProductDependency;
			package = B116ADD82B72883400932AE1 /* XCRemoteSwiftPackageReference "ios-sdk" */;
			productName = SpotifyiOS;
		};
/* End XCSwiftPackageProductDependency section */
	};
	rootObject = B116AD8D2B71E25400932AE1 /* Project object */;
}
