// !$*UTF8*$!
{
	archiveVersion = 1;
	classes = {
	};
	objectVersion = 56;
	objects = {

/* Begin PBXBuildFile section */
		135F880B7802B58C13DEC646 /* Pods_SpotifyClone.framework in Frameworks */ = {isa = PBXBuildFile; fileRef = D816359CAC2122838535E604 /* Pods_SpotifyClone.framework */; };
		B10E031D2B7946FC00D04705 /* AlbumViewModel.swift in Sources */ = {isa = PBXBuildFile; fileRef = B10E031C2B7946FC00D04705 /* AlbumViewModel.swift */; };
		B116AD992B71E25400932AE1 /* AppDelegate.swift in Sources */ = {isa = PBXBuildFile; fileRef = B116AD982B71E25400932AE1 /* AppDelegate.swift */; };
		B116AD9B2B71E25400932AE1 /* SceneDelegate.swift in Sources */ = {isa = PBXBuildFile; fileRef = B116AD9A2B71E25400932AE1 /* SceneDelegate.swift */; };
		B116AD9D2B71E25400932AE1 /* HomeViewController.swift in Sources */ = {isa = PBXBuildFile; fileRef = B116AD9C2B71E25400932AE1 /* HomeViewController.swift */; };
		B116ADA22B71E25600932AE1 /* Assets.xcassets in Resources */ = {isa = PBXBuildFile; fileRef = B116ADA12B71E25600932AE1 /* Assets.xcassets */; };
		B116ADA52B71E25600932AE1 /* LaunchScreen.storyboard in Resources */ = {isa = PBXBuildFile; fileRef = B116ADA32B71E25600932AE1 /* LaunchScreen.storyboard */; };
		B116ADB32B71E45E00932AE1 /* TabBarViewController.swift in Sources */ = {isa = PBXBuildFile; fileRef = B116ADB22B71E45E00932AE1 /* TabBarViewController.swift */; };
		B116ADB52B71E48000932AE1 /* SearchViewController.swift in Sources */ = {isa = PBXBuildFile; fileRef = B116ADB42B71E48000932AE1 /* SearchViewController.swift */; };
		B116ADB72B71E49100932AE1 /* LibraryViewController.swift in Sources */ = {isa = PBXBuildFile; fileRef = B116ADB62B71E49100932AE1 /* LibraryViewController.swift */; };
		B116ADBB2B71E4AF00932AE1 /* AuthViewController.swift in Sources */ = {isa = PBXBuildFile; fileRef = B116ADBA2B71E4AF00932AE1 /* AuthViewController.swift */; };
		B116ADBD2B71E4B900932AE1 /* WelcomeViewController.swift in Sources */ = {isa = PBXBuildFile; fileRef = B116ADBC2B71E4B900932AE1 /* WelcomeViewController.swift */; };
		B116ADBF2B71E4CB00932AE1 /* SettingsViewController.swift in Sources */ = {isa = PBXBuildFile; fileRef = B116ADBE2B71E4CB00932AE1 /* SettingsViewController.swift */; };
		B116ADC12B71E4D300932AE1 /* ProfileViewController.swift in Sources */ = {isa = PBXBuildFile; fileRef = B116ADC02B71E4D300932AE1 /* ProfileViewController.swift */; };
		B116ADC32B71E4E200932AE1 /* PlayerViewController.swift in Sources */ = {isa = PBXBuildFile; fileRef = B116ADC22B71E4E200932AE1 /* PlayerViewController.swift */; };
		B116ADC52B71E4F100932AE1 /* PlaylistViewController.swift in Sources */ = {isa = PBXBuildFile; fileRef = B116ADC42B71E4F100932AE1 /* PlaylistViewController.swift */; };
		B116ADC72B71E50000932AE1 /* SearchResultsViewController.swift in Sources */ = {isa = PBXBuildFile; fileRef = B116ADC62B71E50000932AE1 /* SearchResultsViewController.swift */; };
		B116ADC92B71E52000932AE1 /* AuthManger.swift in Sources */ = {isa = PBXBuildFile; fileRef = B116ADC82B71E52000932AE1 /* AuthManger.swift */; };
		B116ADCB2B71E52B00932AE1 /* APICaller.swift in Sources */ = {isa = PBXBuildFile; fileRef = B116ADCA2B71E52B00932AE1 /* APICaller.swift */; };
		B116ADCD2B71E53800932AE1 /* HapticsManager.swift in Sources */ = {isa = PBXBuildFile; fileRef = B116ADCC2B71E53800932AE1 /* HapticsManager.swift */; };
		B116ADCF2B71E55000932AE1 /* Playlist.swift in Sources */ = {isa = PBXBuildFile; fileRef = B116ADCE2B71E55000932AE1 /* Playlist.swift */; };
		B116ADD12B71E55C00932AE1 /* AudioTrack.swift in Sources */ = {isa = PBXBuildFile; fileRef = B116ADD02B71E55C00932AE1 /* AudioTrack.swift */; };
		B116ADD52B71E56E00932AE1 /* UserProfile.swift in Sources */ = {isa = PBXBuildFile; fileRef = B116ADD42B71E56E00932AE1 /* UserProfile.swift */; };
		B116ADD72B72835000932AE1 /* Extensions.swift in Sources */ = {isa = PBXBuildFile; fileRef = B116ADD62B72835000932AE1 /* Extensions.swift */; };
		B116ADDD2B72AB3E00932AE1 /* AuthResponse.swift in Sources */ = {isa = PBXBuildFile; fileRef = B116ADDC2B72AB3E00932AE1 /* AuthResponse.swift */; };
		B116ADE62B72CB1F00932AE1 /* SettingsModels.swift in Sources */ = {isa = PBXBuildFile; fileRef = B116ADE52B72CB1F00932AE1 /* SettingsModels.swift */; };
		B116ADE92B72DDBF00932AE1 /* SDWebImage in Frameworks */ = {isa = PBXBuildFile; productRef = B116ADE82B72DDBF00932AE1 /* SDWebImage */; };
		B116ADEB2B72DDBF00932AE1 /* SDWebImageMapKit in Frameworks */ = {isa = PBXBuildFile; productRef = B116ADEA2B72DDBF00932AE1 /* SDWebImageMapKit */; };
		B116ADED2B72F14C00932AE1 /* NewReleasesResponse.swift in Sources */ = {isa = PBXBuildFile; fileRef = B116ADEC2B72F14C00932AE1 /* NewReleasesResponse.swift */; };
		B116ADEF2B72F22000932AE1 /* APIImage.swift in Sources */ = {isa = PBXBuildFile; fileRef = B116ADEE2B72F22000932AE1 /* APIImage.swift */; };
		B116ADF12B72F9BF00932AE1 /* PlaylistResponse.swift in Sources */ = {isa = PBXBuildFile; fileRef = B116ADF02B72F9BF00932AE1 /* PlaylistResponse.swift */; };
		B116ADF32B72FCF900932AE1 /* RecommendedGenresResponse.swift in Sources */ = {isa = PBXBuildFile; fileRef = B116ADF22B72FCF900932AE1 /* RecommendedGenresResponse.swift */; };
		B116ADF62B73E52800932AE1 /* RecommendationsResponse.swift in Sources */ = {isa = PBXBuildFile; fileRef = B116ADF52B73E52800932AE1 /* RecommendationsResponse.swift */; };
		B116ADF92B73FBFB00932AE1 /* NewReleasesCollectionViewCell.swift in Sources */ = {isa = PBXBuildFile; fileRef = B116ADF82B73FBFB00932AE1 /* NewReleasesCollectionViewCell.swift */; };
		B116ADFB2B73FC1100932AE1 /* PlaylistCollectionViewCell.swift in Sources */ = {isa = PBXBuildFile; fileRef = B116ADFA2B73FC1100932AE1 /* PlaylistCollectionViewCell.swift */; };
		B116ADFD2B73FC2800932AE1 /* TrackCollectionViewCell.swift in Sources */ = {isa = PBXBuildFile; fileRef = B116ADFC2B73FC2800932AE1 /* TrackCollectionViewCell.swift */; };
		B116AE012B73FD0600932AE1 /* NewReleasesCellViewModel.swift in Sources */ = {isa = PBXBuildFile; fileRef = B116AE002B73FD0600932AE1 /* NewReleasesCellViewModel.swift */; };
		B116AE052B742ADE00932AE1 /* PlaylistCellViewModel.swift in Sources */ = {isa = PBXBuildFile; fileRef = B116AE042B742ADE00932AE1 /* PlaylistCellViewModel.swift */; };
		B116AE072B742B1E00932AE1 /* TrackCellViewModel.swift in Sources */ = {isa = PBXBuildFile; fileRef = B116AE062B742B1E00932AE1 /* TrackCellViewModel.swift */; };
		B116AE092B7431E300932AE1 /* AlbumViewController.swift in Sources */ = {isa = PBXBuildFile; fileRef = B116AE082B7431E300932AE1 /* AlbumViewController.swift */; };
		B116AE0B2B74358800932AE1 /* AlbumDetailsResponse.swift in Sources */ = {isa = PBXBuildFile; fileRef = B116AE0A2B74358800932AE1 /* AlbumDetailsResponse.swift */; };
		B116AE0D2B74386000932AE1 /* Artist.swift in Sources */ = {isa = PBXBuildFile; fileRef = B116AE0C2B74386000932AE1 /* Artist.swift */; };
		B116AE112B7438F700932AE1 /* Album.swift in Sources */ = {isa = PBXBuildFile; fileRef = B116AE102B7438F700932AE1 /* Album.swift */; };
		B116AE132B744B4A00932AE1 /* PlaylistDetailsResponse.swift in Sources */ = {isa = PBXBuildFile; fileRef = B116AE122B744B4A00932AE1 /* PlaylistDetailsResponse.swift */; };
		B116AE152B744BDF00932AE1 /* TracksResponse.swift in Sources */ = {isa = PBXBuildFile; fileRef = B116AE142B744BDF00932AE1 /* TracksResponse.swift */; };
		B116AE172B748C3200932AE1 /* PlaylistHeaderCollectionReusableView.swift in Sources */ = {isa = PBXBuildFile; fileRef = B116AE162B748C3200932AE1 /* PlaylistHeaderCollectionReusableView.swift */; };
		B116AE192B748E6500932AE1 /* PlaylistHeaderViewViewModel.swift in Sources */ = {isa = PBXBuildFile; fileRef = B116AE182B748E6500932AE1 /* PlaylistHeaderViewViewModel.swift */; };
		B116AE1B2B754FCD00932AE1 /* TitleHeaderCollectionReusableView.swift in Sources */ = {isa = PBXBuildFile; fileRef = B116AE1A2B754FCD00932AE1 /* TitleHeaderCollectionReusableView.swift */; };
		B116AE1D2B7555C700932AE1 /* AlbumTrackCollectionViewCell.swift in Sources */ = {isa = PBXBuildFile; fileRef = B116AE1C2B7555C700932AE1 /* AlbumTrackCollectionViewCell.swift */; };
		B116AE1F2B75568500932AE1 /* AlbumCollectionViewCellViewModel.swift in Sources */ = {isa = PBXBuildFile; fileRef = B116AE1E2B75568500932AE1 /* AlbumCollectionViewCellViewModel.swift */; };
		B116AE212B75688B00932AE1 /* CategoryCollectionViewCell.swift in Sources */ = {isa = PBXBuildFile; fileRef = B116AE202B75688B00932AE1 /* CategoryCollectionViewCell.swift */; };
		B116AE232B75799C00932AE1 /* AllCategoriesResponse.swift in Sources */ = {isa = PBXBuildFile; fileRef = B116AE222B75799C00932AE1 /* AllCategoriesResponse.swift */; };
		B116AE252B75AEDA00932AE1 /* CategoryCollectionViewCellModel.swift in Sources */ = {isa = PBXBuildFile; fileRef = B116AE242B75AEDA00932AE1 /* CategoryCollectionViewCellModel.swift */; };
		B116AE272B75B00B00932AE1 /* CategoryViewController.swift in Sources */ = {isa = PBXBuildFile; fileRef = B116AE262B75B00B00932AE1 /* CategoryViewController.swift */; };
		B116AE292B75C65400932AE1 /* SearchResultResponse.swift in Sources */ = {isa = PBXBuildFile; fileRef = B116AE282B75C65400932AE1 /* SearchResultResponse.swift */; };
		B186CCDB2B75C9DD002FCF6D /* SearchResult.swift in Sources */ = {isa = PBXBuildFile; fileRef = B186CCDA2B75C9DD002FCF6D /* SearchResult.swift */; };
		B186CCDE2B75D408002FCF6D /* SearchResultDefaultTableViewCell.swift in Sources */ = {isa = PBXBuildFile; fileRef = B186CCDD2B75D408002FCF6D /* SearchResultDefaultTableViewCell.swift */; };
		B186CCE02B75D625002FCF6D /* SearchResultDefaultTableViewModel.swift in Sources */ = {isa = PBXBuildFile; fileRef = B186CCDF2B75D625002FCF6D /* SearchResultDefaultTableViewModel.swift */; };
		B186CCE22B75D64E002FCF6D /* SearchSection.swift in Sources */ = {isa = PBXBuildFile; fileRef = B186CCE12B75D64E002FCF6D /* SearchSection.swift */; };
		B186CCE42B75D8CB002FCF6D /* SearchResultSubtitleTableViewCell.swift in Sources */ = {isa = PBXBuildFile; fileRef = B186CCE32B75D8CB002FCF6D /* SearchResultSubtitleTableViewCell.swift */; };
		B186CCE62B75D989002FCF6D /* SearchResultSubtitleTableViewModel.swift in Sources */ = {isa = PBXBuildFile; fileRef = B186CCE52B75D989002FCF6D /* SearchResultSubtitleTableViewModel.swift */; };
		B186CCE92B75DCE5002FCF6D /* PlaybackPresenter.swift in Sources */ = {isa = PBXBuildFile; fileRef = B186CCE82B75DCE5002FCF6D /* PlaybackPresenter.swift */; };
		B186CCEB2B75E58A002FCF6D /* PlayerControlsView.swift in Sources */ = {isa = PBXBuildFile; fileRef = B186CCEA2B75E58A002FCF6D /* PlayerControlsView.swift */; };
		B186CCED2B7689A8002FCF6D /* AudioManger.swift in Sources */ = {isa = PBXBuildFile; fileRef = B186CCEC2B7689A8002FCF6D /* AudioManger.swift */; };
		B186CCF02B76A02D002FCF6D /* LibraryPlaylistsViewController.swift in Sources */ = {isa = PBXBuildFile; fileRef = B186CCEF2B76A02D002FCF6D /* LibraryPlaylistsViewController.swift */; };
		B186CCF22B76A04C002FCF6D /* LibraryAlbumViewController.swift in Sources */ = {isa = PBXBuildFile; fileRef = B186CCF12B76A04C002FCF6D /* LibraryAlbumViewController.swift */; };
		B186CCF42B76A373002FCF6D /* LibraryToggleView.swift in Sources */ = {isa = PBXBuildFile; fileRef = B186CCF32B76A373002FCF6D /* LibraryToggleView.swift */; };
		B186CCF62B76B833002FCF6D /* LibraryPlaylistResponse.swift in Sources */ = {isa = PBXBuildFile; fileRef = B186CCF52B76B833002FCF6D /* LibraryPlaylistResponse.swift */; };
		B186CCF82B76BAB5002FCF6D /* ActionLabelView.swift in Sources */ = {isa = PBXBuildFile; fileRef = B186CCF72B76BAB5002FCF6D /* ActionLabelView.swift */; };
		B186CCFA2B781663002FCF6D /* LibraryAlbumsResponse.swift in Sources */ = {isa = PBXBuildFile; fileRef = B186CCF92B781663002FCF6D /* LibraryAlbumsResponse.swift */; };
		B186CCFE2B783065002FCF6D /* WelcomeViewModel.swift in Sources */ = {isa = PBXBuildFile; fileRef = B186CCFD2B783065002FCF6D /* WelcomeViewModel.swift */; };
		B186CD002B7837BA002FCF6D /* AuthViewModel.swift in Sources */ = {isa = PBXBuildFile; fileRef = B186CCFF2B7837BA002FCF6D /* AuthViewModel.swift */; };
		B186CD022B78394D002FCF6D /* HomeViewModel.swift in Sources */ = {isa = PBXBuildFile; fileRef = B186CD012B78394D002FCF6D /* HomeViewModel.swift */; };
		B186CD072B788060002FCF6D /* SearchViewModel.swift in Sources */ = {isa = PBXBuildFile; fileRef = B186CD062B788060002FCF6D /* SearchViewModel.swift */; };
		B186CD092B788554002FCF6D /* LibraryViewModel.swift in Sources */ = {isa = PBXBuildFile; fileRef = B186CD082B788554002FCF6D /* LibraryViewModel.swift */; };
		B186CD0B2B78863A002FCF6D /* LibraryPlaylistsViewModel.swift in Sources */ = {isa = PBXBuildFile; fileRef = B186CD0A2B78863A002FCF6D /* LibraryPlaylistsViewModel.swift */; };
		B186CD0D2B7886E9002FCF6D /* LibraryAlbumViewModel.swift in Sources */ = {isa = PBXBuildFile; fileRef = B186CD0C2B7886E9002FCF6D /* LibraryAlbumViewModel.swift */; };
		B186CD102B789A26002FCF6D /* ProfileViewModel.swift in Sources */ = {isa = PBXBuildFile; fileRef = B186CD0F2B789A26002FCF6D /* ProfileViewModel.swift */; };
		B186CD122B789F74002FCF6D /* ProfileHeaderView.swift in Sources */ = {isa = PBXBuildFile; fileRef = B186CD112B789F74002FCF6D /* ProfileHeaderView.swift */; };
		B186CD142B78A069002FCF6D /* ProfileTableViewCell.swift in Sources */ = {isa = PBXBuildFile; fileRef = B186CD132B78A069002FCF6D /* ProfileTableViewCell.swift */; };
		B186CD172B78A23B002FCF6D /* CategoryViewModel.swift in Sources */ = {isa = PBXBuildFile; fileRef = B186CD162B78A23B002FCF6D /* CategoryViewModel.swift */; };
		B186CD192B78A610002FCF6D /* PlaylistViewModel.swift in Sources */ = {isa = PBXBuildFile; fileRef = B186CD182B78A610002FCF6D /* PlaylistViewModel.swift */; };
		B186CD212B78AE75002FCF6D /* SpotifyCloneTests.swift in Sources */ = {isa = PBXBuildFile; fileRef = B186CD202B78AE75002FCF6D /* SpotifyCloneTests.swift */; };
		B1CFFF592B79559100229CF1 /* PlayerControlsViewViewModel.swift in Sources */ = {isa = PBXBuildFile; fileRef = B1CFFF582B79559100229CF1 /* PlayerControlsViewViewModel.swift */; };
/* End PBXBuildFile section */

/* Begin PBXContainerItemProxy section */
		B186CD222B78AE75002FCF6D /* PBXContainerItemProxy */ = {
			isa = PBXContainerItemProxy;
			containerPortal = B116AD8D2B71E25400932AE1 /* Project object */;
			proxyType = 1;
			remoteGlobalIDString = B116AD942B71E25400932AE1;
			remoteInfo = SpotifyClone;
		};
/* End PBXContainerItemProxy section */

/* Begin PBXFileReference section */
		64812B592FE32B0A11F08B21 /* Pods-SpotifyClone.release.xcconfig */ = {isa = PBXFileReference; includeInIndex = 1; lastKnownFileType = text.xcconfig; name = "Pods-SpotifyClone.release.xcconfig"; path = "Target Support Files/Pods-SpotifyClone/Pods-SpotifyClone.release.xcconfig"; sourceTree = "<group>"; };
		B10E031C2B7946FC00D04705 /* AlbumViewModel.swift */ = {isa = PBXFileReference; lastKnownFileType = sourcecode.swift; path = AlbumViewModel.swift; sourceTree = "<group>"; };
		B116AD952B71E25400932AE1 /* SpotifyClone.app */ = {isa = PBXFileReference; explicitFileType = wrapper.application; includeInIndex = 0; path = SpotifyClone.app; sourceTree = BUILT_PRODUCTS_DIR; };
		B116AD982B71E25400932AE1 /* AppDelegate.swift */ = {isa = PBXFileReference; lastKnownFileType = sourcecode.swift; path = AppDelegate.swift; sourceTree = "<group>"; };
		B116AD9A2B71E25400932AE1 /* SceneDelegate.swift */ = {isa = PBXFileReference; lastKnownFileType = sourcecode.swift; path = SceneDelegate.swift; sourceTree = "<group>"; };
		B116AD9C2B71E25400932AE1 /* HomeViewController.swift */ = {isa = PBXFileReference; lastKnownFileType = sourcecode.swift; path = HomeViewController.swift; sourceTree = "<group>"; };
		B116ADA12B71E25600932AE1 /* Assets.xcassets */ = {isa = PBXFileReference; lastKnownFileType = folder.assetcatalog; path = Assets.xcassets; sourceTree = "<group>"; };
		B116ADA42B71E25600932AE1 /* Base */ = {isa = PBXFileReference; lastKnownFileType = file.storyboard; name = Base; path = Base.lproj/LaunchScreen.storyboard; sourceTree = "<group>"; };
		B116ADA62B71E25600932AE1 /* Info.plist */ = {isa = PBXFileReference; lastKnownFileType = text.plist.xml; path = Info.plist; sourceTree = "<group>"; };
		B116ADB22B71E45E00932AE1 /* TabBarViewController.swift */ = {isa = PBXFileReference; lastKnownFileType = sourcecode.swift; path = TabBarViewController.swift; sourceTree = "<group>"; };
		B116ADB42B71E48000932AE1 /* SearchViewController.swift */ = {isa = PBXFileReference; lastKnownFileType = sourcecode.swift; path = SearchViewController.swift; sourceTree = "<group>"; };
		B116ADB62B71E49100932AE1 /* LibraryViewController.swift */ = {isa = PBXFileReference; lastKnownFileType = sourcecode.swift; path = LibraryViewController.swift; sourceTree = "<group>"; };
		B116ADBA2B71E4AF00932AE1 /* AuthViewController.swift */ = {isa = PBXFileReference; lastKnownFileType = sourcecode.swift; path = AuthViewController.swift; sourceTree = "<group>"; };
		B116ADBC2B71E4B900932AE1 /* WelcomeViewController.swift */ = {isa = PBXFileReference; lastKnownFileType = sourcecode.swift; path = WelcomeViewController.swift; sourceTree = "<group>"; };
		B116ADBE2B71E4CB00932AE1 /* SettingsViewController.swift */ = {isa = PBXFileReference; lastKnownFileType = sourcecode.swift; path = SettingsViewController.swift; sourceTree = "<group>"; };
		B116ADC02B71E4D300932AE1 /* ProfileViewController.swift */ = {isa = PBXFileReference; lastKnownFileType = sourcecode.swift; path = ProfileViewController.swift; sourceTree = "<group>"; };
		B116ADC22B71E4E200932AE1 /* PlayerViewController.swift */ = {isa = PBXFileReference; lastKnownFileType = sourcecode.swift; path = PlayerViewController.swift; sourceTree = "<group>"; };
		B116ADC42B71E4F100932AE1 /* PlaylistViewController.swift */ = {isa = PBXFileReference; lastKnownFileType = sourcecode.swift; path = PlaylistViewController.swift; sourceTree = "<group>"; };
		B116ADC62B71E50000932AE1 /* SearchResultsViewController.swift */ = {isa = PBXFileReference; lastKnownFileType = sourcecode.swift; path = SearchResultsViewController.swift; sourceTree = "<group>"; };
		B116ADC82B71E52000932AE1 /* AuthManger.swift */ = {isa = PBXFileReference; lastKnownFileType = sourcecode.swift; path = AuthManger.swift; sourceTree = "<group>"; };
		B116ADCA2B71E52B00932AE1 /* APICaller.swift */ = {isa = PBXFileReference; lastKnownFileType = sourcecode.swift; path = APICaller.swift; sourceTree = "<group>"; };
		B116ADCC2B71E53800932AE1 /* HapticsManager.swift */ = {isa = PBXFileReference; lastKnownFileType = sourcecode.swift; path = HapticsManager.swift; sourceTree = "<group>"; };
		B116ADCE2B71E55000932AE1 /* Playlist.swift */ = {isa = PBXFileReference; lastKnownFileType = sourcecode.swift; path = Playlist.swift; sourceTree = "<group>"; };
		B116ADD02B71E55C00932AE1 /* AudioTrack.swift */ = {isa = PBXFileReference; lastKnownFileType = sourcecode.swift; path = AudioTrack.swift; sourceTree = "<group>"; };
		B116ADD42B71E56E00932AE1 /* UserProfile.swift */ = {isa = PBXFileReference; lastKnownFileType = sourcecode.swift; path = UserProfile.swift; sourceTree = "<group>"; };
		B116ADD62B72835000932AE1 /* Extensions.swift */ = {isa = PBXFileReference; lastKnownFileType = sourcecode.swift; path = Extensions.swift; sourceTree = "<group>"; };
		B116ADDC2B72AB3E00932AE1 /* AuthResponse.swift */ = {isa = PBXFileReference; lastKnownFileType = sourcecode.swift; path = AuthResponse.swift; sourceTree = "<group>"; };
		B116ADE52B72CB1F00932AE1 /* SettingsModels.swift */ = {isa = PBXFileReference; lastKnownFileType = sourcecode.swift; path = SettingsModels.swift; sourceTree = "<group>"; };
		B116ADEC2B72F14C00932AE1 /* NewReleasesResponse.swift */ = {isa = PBXFileReference; lastKnownFileType = sourcecode.swift; path = NewReleasesResponse.swift; sourceTree = "<group>"; };
		B116ADEE2B72F22000932AE1 /* APIImage.swift */ = {isa = PBXFileReference; lastKnownFileType = sourcecode.swift; path = APIImage.swift; sourceTree = "<group>"; };
		B116ADF02B72F9BF00932AE1 /* PlaylistResponse.swift */ = {isa = PBXFileReference; lastKnownFileType = sourcecode.swift; path = PlaylistResponse.swift; sourceTree = "<group>"; };
		B116ADF22B72FCF900932AE1 /* RecommendedGenresResponse.swift */ = {isa = PBXFileReference; lastKnownFileType = sourcecode.swift; path = RecommendedGenresResponse.swift; sourceTree = "<group>"; };
		B116ADF42B73E46200932AE1 /* Config.xcconfig */ = {isa = PBXFileReference; lastKnownFileType = text.xcconfig; path = Config.xcconfig; sourceTree = "<group>"; };
		B116ADF52B73E52800932AE1 /* RecommendationsResponse.swift */ = {isa = PBXFileReference; lastKnownFileType = sourcecode.swift; path = RecommendationsResponse.swift; sourceTree = "<group>"; };
		B116ADF82B73FBFB00932AE1 /* NewReleasesCollectionViewCell.swift */ = {isa = PBXFileReference; lastKnownFileType = sourcecode.swift; path = NewReleasesCollectionViewCell.swift; sourceTree = "<group>"; };
		B116ADFA2B73FC1100932AE1 /* PlaylistCollectionViewCell.swift */ = {isa = PBXFileReference; lastKnownFileType = sourcecode.swift; path = PlaylistCollectionViewCell.swift; sourceTree = "<group>"; };
		B116ADFC2B73FC2800932AE1 /* TrackCollectionViewCell.swift */ = {isa = PBXFileReference; lastKnownFileType = sourcecode.swift; path = TrackCollectionViewCell.swift; sourceTree = "<group>"; };
		B116AE002B73FD0600932AE1 /* NewReleasesCellViewModel.swift */ = {isa = PBXFileReference; lastKnownFileType = sourcecode.swift; path = NewReleasesCellViewModel.swift; sourceTree = "<group>"; };
		B116AE042B742ADE00932AE1 /* PlaylistCellViewModel.swift */ = {isa = PBXFileReference; lastKnownFileType = sourcecode.swift; path = PlaylistCellViewModel.swift; sourceTree = "<group>"; };
		B116AE062B742B1E00932AE1 /* TrackCellViewModel.swift */ = {isa = PBXFileReference; lastKnownFileType = sourcecode.swift; path = TrackCellViewModel.swift; sourceTree = "<group>"; };
		B116AE082B7431E300932AE1 /* AlbumViewController.swift */ = {isa = PBXFileReference; lastKnownFileType = sourcecode.swift; path = AlbumViewController.swift; sourceTree = "<group>"; };
		B116AE0A2B74358800932AE1 /* AlbumDetailsResponse.swift */ = {isa = PBXFileReference; lastKnownFileType = sourcecode.swift; path = AlbumDetailsResponse.swift; sourceTree = "<group>"; };
		B116AE0C2B74386000932AE1 /* Artist.swift */ = {isa = PBXFileReference; lastKnownFileType = sourcecode.swift; path = Artist.swift; sourceTree = "<group>"; };
		B116AE102B7438F700932AE1 /* Album.swift */ = {isa = PBXFileReference; lastKnownFileType = sourcecode.swift; path = Album.swift; sourceTree = "<group>"; };
		B116AE122B744B4A00932AE1 /* PlaylistDetailsResponse.swift */ = {isa = PBXFileReference; lastKnownFileType = sourcecode.swift; path = PlaylistDetailsResponse.swift; sourceTree = "<group>"; };
		B116AE142B744BDF00932AE1 /* TracksResponse.swift */ = {isa = PBXFileReference; lastKnownFileType = sourcecode.swift; path = TracksResponse.swift; sourceTree = "<group>"; };
		B116AE162B748C3200932AE1 /* PlaylistHeaderCollectionReusableView.swift */ = {isa = PBXFileReference; lastKnownFileType = sourcecode.swift; path = PlaylistHeaderCollectionReusableView.swift; sourceTree = "<group>"; };
		B116AE182B748E6500932AE1 /* PlaylistHeaderViewViewModel.swift */ = {isa = PBXFileReference; lastKnownFileType = sourcecode.swift; path = PlaylistHeaderViewViewModel.swift; sourceTree = "<group>"; };
		B116AE1A2B754FCD00932AE1 /* TitleHeaderCollectionReusableView.swift */ = {isa = PBXFileReference; lastKnownFileType = sourcecode.swift; path = TitleHeaderCollectionReusableView.swift; sourceTree = "<group>"; };
		B116AE1C2B7555C700932AE1 /* AlbumTrackCollectionViewCell.swift */ = {isa = PBXFileReference; lastKnownFileType = sourcecode.swift; path = AlbumTrackCollectionViewCell.swift; sourceTree = "<group>"; };
		B116AE1E2B75568500932AE1 /* AlbumCollectionViewCellViewModel.swift */ = {isa = PBXFileReference; lastKnownFileType = sourcecode.swift; path = AlbumCollectionViewCellViewModel.swift; sourceTree = "<group>"; };
		B116AE202B75688B00932AE1 /* CategoryCollectionViewCell.swift */ = {isa = PBXFileReference; lastKnownFileType = sourcecode.swift; path = CategoryCollectionViewCell.swift; sourceTree = "<group>"; };
		B116AE222B75799C00932AE1 /* AllCategoriesResponse.swift */ = {isa = PBXFileReference; lastKnownFileType = sourcecode.swift; path = AllCategoriesResponse.swift; sourceTree = "<group>"; };
		B116AE242B75AEDA00932AE1 /* CategoryCollectionViewCellModel.swift */ = {isa = PBXFileReference; lastKnownFileType = sourcecode.swift; path = CategoryCollectionViewCellModel.swift; sourceTree = "<group>"; };
		B116AE262B75B00B00932AE1 /* CategoryViewController.swift */ = {isa = PBXFileReference; lastKnownFileType = sourcecode.swift; path = CategoryViewController.swift; sourceTree = "<group>"; };
		B116AE282B75C65400932AE1 /* SearchResultResponse.swift */ = {isa = PBXFileReference; lastKnownFileType = sourcecode.swift; path = SearchResultResponse.swift; sourceTree = "<group>"; };
		B186CCDA2B75C9DD002FCF6D /* SearchResult.swift */ = {isa = PBXFileReference; lastKnownFileType = sourcecode.swift; path = SearchResult.swift; sourceTree = "<group>"; };
		B186CCDD2B75D408002FCF6D /* SearchResultDefaultTableViewCell.swift */ = {isa = PBXFileReference; lastKnownFileType = sourcecode.swift; path = SearchResultDefaultTableViewCell.swift; sourceTree = "<group>"; };
		B186CCDF2B75D625002FCF6D /* SearchResultDefaultTableViewModel.swift */ = {isa = PBXFileReference; lastKnownFileType = sourcecode.swift; path = SearchResultDefaultTableViewModel.swift; sourceTree = "<group>"; };
		B186CCE12B75D64E002FCF6D /* SearchSection.swift */ = {isa = PBXFileReference; lastKnownFileType = sourcecode.swift; path = SearchSection.swift; sourceTree = "<group>"; };
		B186CCE32B75D8CB002FCF6D /* SearchResultSubtitleTableViewCell.swift */ = {isa = PBXFileReference; lastKnownFileType = sourcecode.swift; path = SearchResultSubtitleTableViewCell.swift; sourceTree = "<group>"; };
		B186CCE52B75D989002FCF6D /* SearchResultSubtitleTableViewModel.swift */ = {isa = PBXFileReference; lastKnownFileType = sourcecode.swift; path = SearchResultSubtitleTableViewModel.swift; sourceTree = "<group>"; };
		B186CCE82B75DCE5002FCF6D /* PlaybackPresenter.swift */ = {isa = PBXFileReference; lastKnownFileType = sourcecode.swift; path = PlaybackPresenter.swift; sourceTree = "<group>"; };
		B186CCEA2B75E58A002FCF6D /* PlayerControlsView.swift */ = {isa = PBXFileReference; lastKnownFileType = sourcecode.swift; path = PlayerControlsView.swift; sourceTree = "<group>"; };
		B186CCEC2B7689A8002FCF6D /* AudioManger.swift */ = {isa = PBXFileReference; lastKnownFileType = sourcecode.swift; path = AudioManger.swift; sourceTree = "<group>"; };
		B186CCEF2B76A02D002FCF6D /* LibraryPlaylistsViewController.swift */ = {isa = PBXFileReference; lastKnownFileType = sourcecode.swift; path = LibraryPlaylistsViewController.swift; sourceTree = "<group>"; };
		B186CCF12B76A04C002FCF6D /* LibraryAlbumViewController.swift */ = {isa = PBXFileReference; lastKnownFileType = sourcecode.swift; path = LibraryAlbumViewController.swift; sourceTree = "<group>"; };
		B186CCF32B76A373002FCF6D /* LibraryToggleView.swift */ = {isa = PBXFileReference; lastKnownFileType = sourcecode.swift; path = LibraryToggleView.swift; sourceTree = "<group>"; };
		B186CCF52B76B833002FCF6D /* LibraryPlaylistResponse.swift */ = {isa = PBXFileReference; lastKnownFileType = sourcecode.swift; path = LibraryPlaylistResponse.swift; sourceTree = "<group>"; };
		B186CCF72B76BAB5002FCF6D /* ActionLabelView.swift */ = {isa = PBXFileReference; lastKnownFileType = sourcecode.swift; path = ActionLabelView.swift; sourceTree = "<group>"; };
		B186CCF92B781663002FCF6D /* LibraryAlbumsResponse.swift */ = {isa = PBXFileReference; lastKnownFileType = sourcecode.swift; path = LibraryAlbumsResponse.swift; sourceTree = "<group>"; };
		B186CCFD2B783065002FCF6D /* WelcomeViewModel.swift */ = {isa = PBXFileReference; lastKnownFileType = sourcecode.swift; path = WelcomeViewModel.swift; sourceTree = "<group>"; };
		B186CCFF2B7837BA002FCF6D /* AuthViewModel.swift */ = {isa = PBXFileReference; lastKnownFileType = sourcecode.swift; path = AuthViewModel.swift; sourceTree = "<group>"; };
		B186CD012B78394D002FCF6D /* HomeViewModel.swift */ = {isa = PBXFileReference; lastKnownFileType = sourcecode.swift; path = HomeViewModel.swift; sourceTree = "<group>"; };
		B186CD062B788060002FCF6D /* SearchViewModel.swift */ = {isa = PBXFileReference; lastKnownFileType = sourcecode.swift; path = SearchViewModel.swift; sourceTree = "<group>"; };
		B186CD082B788554002FCF6D /* LibraryViewModel.swift */ = {isa = PBXFileReference; lastKnownFileType = sourcecode.swift; path = LibraryViewModel.swift; sourceTree = "<group>"; };
		B186CD0A2B78863A002FCF6D /* LibraryPlaylistsViewModel.swift */ = {isa = PBXFileReference; lastKnownFileType = sourcecode.swift; path = LibraryPlaylistsViewModel.swift; sourceTree = "<group>"; };
		B186CD0C2B7886E9002FCF6D /* LibraryAlbumViewModel.swift */ = {isa = PBXFileReference; lastKnownFileType = sourcecode.swift; path = LibraryAlbumViewModel.swift; sourceTree = "<group>"; };
		B186CD0F2B789A26002FCF6D /* ProfileViewModel.swift */ = {isa = PBXFileReference; lastKnownFileType = sourcecode.swift; path = ProfileViewModel.swift; sourceTree = "<group>"; };
		B186CD112B789F74002FCF6D /* ProfileHeaderView.swift */ = {isa = PBXFileReference; lastKnownFileType = sourcecode.swift; path = ProfileHeaderView.swift; sourceTree = "<group>"; };
		B186CD132B78A069002FCF6D /* ProfileTableViewCell.swift */ = {isa = PBXFileReference; lastKnownFileType = sourcecode.swift; path = ProfileTableViewCell.swift; sourceTree = "<group>"; };
		B186CD162B78A23B002FCF6D /* CategoryViewModel.swift */ = {isa = PBXFileReference; lastKnownFileType = sourcecode.swift; path = CategoryViewModel.swift; sourceTree = "<group>"; };
		B186CD182B78A610002FCF6D /* PlaylistViewModel.swift */ = {isa = PBXFileReference; lastKnownFileType = sourcecode.swift; path = PlaylistViewModel.swift; sourceTree = "<group>"; };
		B186CD1E2B78AE75002FCF6D /* SpotifyCloneTests.xctest */ = {isa = PBXFileReference; explicitFileType = wrapper.cfbundle; includeInIndex = 0; path = SpotifyCloneTests.xctest; sourceTree = BUILT_PRODUCTS_DIR; };
		B186CD202B78AE75002FCF6D /* SpotifyCloneTests.swift */ = {isa = PBXFileReference; lastKnownFileType = sourcecode.swift; path = SpotifyCloneTests.swift; sourceTree = "<group>"; };
		B1CFFF582B79559100229CF1 /* PlayerControlsViewViewModel.swift */ = {isa = PBXFileReference; lastKnownFileType = sourcecode.swift; path = PlayerControlsViewViewModel.swift; sourceTree = "<group>"; };
		CD0A4716A77DE157AD0B40DD /* Pods-SpotifyClone.debug.xcconfig */ = {isa = PBXFileReference; includeInIndex = 1; lastKnownFileType = text.xcconfig; name = "Pods-SpotifyClone.debug.xcconfig"; path = "Target Support Files/Pods-SpotifyClone/Pods-SpotifyClone.debug.xcconfig"; sourceTree = "<group>"; };
		D816359CAC2122838535E604 /* Pods_SpotifyClone.framework */ = {isa = PBXFileReference; explicitFileType = wrapper.framework; includeInIndex = 0; path = Pods_SpotifyClone.framework; sourceTree = BUILT_PRODUCTS_DIR; };
/* End PBXFileReference section */

/* Begin PBXFrameworksBuildPhase section */
		B116AD922B71E25400932AE1 /* Frameworks */ = {
			isa = PBXFrameworksBuildPhase;
			buildActionMask = 2147483647;
			files = (
				B116ADE92B72DDBF00932AE1 /* SDWebImage in Frameworks */,
				B116ADEB2B72DDBF00932AE1 /* SDWebImageMapKit in Frameworks */,
				135F880B7802B58C13DEC646 /* Pods_SpotifyClone.framework in Frameworks */,
			);
			runOnlyForDeploymentPostprocessing = 0;
		};
		B186CD1B2B78AE75002FCF6D /* Frameworks */ = {
			isa = PBXFrameworksBuildPhase;
			buildActionMask = 2147483647;
			files = (
			);
			runOnlyForDeploymentPostprocessing = 0;
		};
/* End PBXFrameworksBuildPhase section */

/* Begin PBXGroup section */
		A93329265B1164DE9B5CBA70 /* Frameworks */ = {
			isa = PBXGroup;
			children = (
				D816359CAC2122838535E604 /* Pods_SpotifyClone.framework */,
			);
			name = Frameworks;
			sourceTree = "<group>";
		};
		ACEA3EECBCAF18D995E95FFC /* Pods */ = {
			isa = PBXGroup;
			children = (
				CD0A4716A77DE157AD0B40DD /* Pods-SpotifyClone.debug.xcconfig */,
				64812B592FE32B0A11F08B21 /* Pods-SpotifyClone.release.xcconfig */,
			);
			path = Pods;
			sourceTree = "<group>";
		};
		B116AD8C2B71E25400932AE1 = {
			isa = PBXGroup;
			children = (
				B116ADF42B73E46200932AE1 /* Config.xcconfig */,
				B116AD972B71E25400932AE1 /* SpotifyClone */,
				B186CD1F2B78AE75002FCF6D /* SpotifyCloneTests */,
				B116AD962B71E25400932AE1 /* Products */,
				ACEA3EECBCAF18D995E95FFC /* Pods */,
				A93329265B1164DE9B5CBA70 /* Frameworks */,
			);
			sourceTree = "<group>";
		};
		B116AD962B71E25400932AE1 /* Products */ = {
			isa = PBXGroup;
			children = (
				B116AD952B71E25400932AE1 /* SpotifyClone.app */,
				B186CD1E2B78AE75002FCF6D /* SpotifyCloneTests.xctest */,
			);
			name = Products;
			sourceTree = "<group>";
		};
		B116AD972B71E25400932AE1 /* SpotifyClone */ = {
			isa = PBXGroup;
			children = (
				B186CCE72B75DCD3002FCF6D /* Presenter */,
				B116ADB12B71E28700932AE1 /* Resources */,
				B116ADB02B71E28300932AE1 /* Managers */,
				B116ADAF2B71E27D00932AE1 /* ViewModels */,
				B116ADAE2B71E27500932AE1 /* Models */,
				B116ADAD2B71E26D00932AE1 /* View */,
				B116ADAC2B71E26400932AE1 /* Controllers */,
				B116ADA62B71E25600932AE1 /* Info.plist */,
			);
			path = SpotifyClone;
			sourceTree = "<group>";
		};
		B116ADAC2B71E26400932AE1 /* Controllers */ = {
			isa = PBXGroup;
			children = (
				B116ADB92B71E4A100932AE1 /* Other */,
				B116ADB82B71E49500932AE1 /* Core */,
			);
			path = Controllers;
			sourceTree = "<group>";
		};
		B116ADAD2B71E26D00932AE1 /* View */ = {
			isa = PBXGroup;
			children = (
				B186CD152B78A06F002FCF6D /* ViewCells */,
				B116ADA32B71E25600932AE1 /* LaunchScreen.storyboard */,
				B186CCF72B76BAB5002FCF6D /* ActionLabelView.swift */,
				B186CCF32B76A373002FCF6D /* LibraryToggleView.swift */,
				B186CCEA2B75E58A002FCF6D /* PlayerControlsView.swift */,
				B116AE162B748C3200932AE1 /* PlaylistHeaderCollectionReusableView.swift */,
				B116AE1A2B754FCD00932AE1 /* TitleHeaderCollectionReusableView.swift */,
				B186CD112B789F74002FCF6D /* ProfileHeaderView.swift */,
			);
			path = View;
			sourceTree = "<group>";
		};
		B116ADAE2B71E27500932AE1 /* Models */ = {
			isa = PBXGroup;
			children = (
				B186CCFB2B782D82002FCF6D /* APIResponses */,
				B116AE102B7438F700932AE1 /* Album.swift */,
				B116ADEE2B72F22000932AE1 /* APIImage.swift */,
				B116AE0C2B74386000932AE1 /* Artist.swift */,
				B116ADD02B71E55C00932AE1 /* AudioTrack.swift */,
				B186CCDA2B75C9DD002FCF6D /* SearchResult.swift */,
				B186CCE12B75D64E002FCF6D /* SearchSection.swift */,
				B116ADE52B72CB1F00932AE1 /* SettingsModels.swift */,
				B116ADCE2B71E55000932AE1 /* Playlist.swift */,
				B116ADD42B71E56E00932AE1 /* UserProfile.swift */,
			);
			path = Models;
			sourceTree = "<group>";
		};
		B116ADAF2B71E27D00932AE1 /* ViewModels */ = {
			isa = PBXGroup;
			children = (
				B186CCFC2B782DC8002FCF6D /* DataViewModels */,
				B186CCFD2B783065002FCF6D /* WelcomeViewModel.swift */,
				B186CCFF2B7837BA002FCF6D /* AuthViewModel.swift */,
				B186CD012B78394D002FCF6D /* HomeViewModel.swift */,
				B186CD062B788060002FCF6D /* SearchViewModel.swift */,
				B186CD082B788554002FCF6D /* LibraryViewModel.swift */,
				B186CD0A2B78863A002FCF6D /* LibraryPlaylistsViewModel.swift */,
				B186CD0C2B7886E9002FCF6D /* LibraryAlbumViewModel.swift */,
				B186CD0F2B789A26002FCF6D /* ProfileViewModel.swift */,
				B186CD162B78A23B002FCF6D /* CategoryViewModel.swift */,
				B186CD182B78A610002FCF6D /* PlaylistViewModel.swift */,
				B10E031C2B7946FC00D04705 /* AlbumViewModel.swift */,
			);
			path = ViewModels;
			sourceTree = "<group>";
		};
		B116ADB02B71E28300932AE1 /* Managers */ = {
			isa = PBXGroup;
			children = (
				B116ADCA2B71E52B00932AE1 /* APICaller.swift */,
				B186CCEC2B7689A8002FCF6D /* AudioManger.swift */,
				B116ADC82B71E52000932AE1 /* AuthManger.swift */,
				B116ADCC2B71E53800932AE1 /* HapticsManager.swift */,
			);
			path = Managers;
			sourceTree = "<group>";
		};
		B116ADB12B71E28700932AE1 /* Resources */ = {
			isa = PBXGroup;
			children = (
				B116ADA12B71E25600932AE1 /* Assets.xcassets */,
				B116AD982B71E25400932AE1 /* AppDelegate.swift */,
				B116AD9A2B71E25400932AE1 /* SceneDelegate.swift */,
				B116ADD62B72835000932AE1 /* Extensions.swift */,
			);
			path = Resources;
			sourceTree = "<group>";
		};
		B116ADB82B71E49500932AE1 /* Core */ = {
			isa = PBXGroup;
			children = (
				B116AD9C2B71E25400932AE1 /* HomeViewController.swift */,
				B116ADB22B71E45E00932AE1 /* TabBarViewController.swift */,
				B116ADB42B71E48000932AE1 /* SearchViewController.swift */,
				B116ADB62B71E49100932AE1 /* LibraryViewController.swift */,
			);
			path = Core;
			sourceTree = "<group>";
		};
		B116ADB92B71E4A100932AE1 /* Other */ = {
			isa = PBXGroup;
			children = (
				B186CCEE2B76A01A002FCF6D /* Library */,
				B116AE082B7431E300932AE1 /* AlbumViewController.swift */,
				B116ADBA2B71E4AF00932AE1 /* AuthViewController.swift */,
				B116AE262B75B00B00932AE1 /* CategoryViewController.swift */,
				B116ADC02B71E4D300932AE1 /* ProfileViewController.swift */,
				B116ADC22B71E4E200932AE1 /* PlayerViewController.swift */,
				B116ADC42B71E4F100932AE1 /* PlaylistViewController.swift */,
				B116ADBE2B71E4CB00932AE1 /* SettingsViewController.swift */,
				B116ADC62B71E50000932AE1 /* SearchResultsViewController.swift */,
				B116ADBC2B71E4B900932AE1 /* WelcomeViewController.swift */,
			);
			path = Other;
			sourceTree = "<group>";
		};
		B186CCE72B75DCD3002FCF6D /* Presenter */ = {
			isa = PBXGroup;
			children = (
				B186CCE82B75DCE5002FCF6D /* PlaybackPresenter.swift */,
			);
			path = Presenter;
			sourceTree = "<group>";
		};
		B186CCEE2B76A01A002FCF6D /* Library */ = {
			isa = PBXGroup;
			children = (
				B186CCEF2B76A02D002FCF6D /* LibraryPlaylistsViewController.swift */,
				B186CCF12B76A04C002FCF6D /* LibraryAlbumViewController.swift */,
			);
			path = Library;
			sourceTree = "<group>";
		};
		B186CCFB2B782D82002FCF6D /* APIResponses */ = {
			isa = PBXGroup;
			children = (
				B116AE0A2B74358800932AE1 /* AlbumDetailsResponse.swift */,
				B116AE222B75799C00932AE1 /* AllCategoriesResponse.swift */,
				B116ADDC2B72AB3E00932AE1 /* AuthResponse.swift */,
				B186CCF52B76B833002FCF6D /* LibraryPlaylistResponse.swift */,
				B186CCF92B781663002FCF6D /* LibraryAlbumsResponse.swift */,
				B116ADEC2B72F14C00932AE1 /* NewReleasesResponse.swift */,
				B116ADF02B72F9BF00932AE1 /* PlaylistResponse.swift */,
				B116AE122B744B4A00932AE1 /* PlaylistDetailsResponse.swift */,
				B116ADF52B73E52800932AE1 /* RecommendationsResponse.swift */,
				B116ADF22B72FCF900932AE1 /* RecommendedGenresResponse.swift */,
				B116AE282B75C65400932AE1 /* SearchResultResponse.swift */,
				B116AE142B744BDF00932AE1 /* TracksResponse.swift */,
			);
			path = APIResponses;
			sourceTree = "<group>";
		};
		B186CCFC2B782DC8002FCF6D /* DataViewModels */ = {
			isa = PBXGroup;
			children = (
				B186CCDF2B75D625002FCF6D /* SearchResultDefaultTableViewModel.swift */,
				B116AE042B742ADE00932AE1 /* PlaylistCellViewModel.swift */,
				B116AE1E2B75568500932AE1 /* AlbumCollectionViewCellViewModel.swift */,
				B116AE242B75AEDA00932AE1 /* CategoryCollectionViewCellModel.swift */,
				B116AE002B73FD0600932AE1 /* NewReleasesCellViewModel.swift */,
				B116AE062B742B1E00932AE1 /* TrackCellViewModel.swift */,
				B116AE182B748E6500932AE1 /* PlaylistHeaderViewViewModel.swift */,
				B186CCE52B75D989002FCF6D /* SearchResultSubtitleTableViewModel.swift */,
				B1CFFF582B79559100229CF1 /* PlayerControlsViewViewModel.swift */,
			);
			path = DataViewModels;
			sourceTree = "<group>";
		};
		B186CD152B78A06F002FCF6D /* ViewCells */ = {
			isa = PBXGroup;
			children = (
				B186CCDD2B75D408002FCF6D /* SearchResultDefaultTableViewCell.swift */,
				B186CCE32B75D8CB002FCF6D /* SearchResultSubtitleTableViewCell.swift */,
				B116AE202B75688B00932AE1 /* CategoryCollectionViewCell.swift */,
				B186CD132B78A069002FCF6D /* ProfileTableViewCell.swift */,
				B116ADF82B73FBFB00932AE1 /* NewReleasesCollectionViewCell.swift */,
				B116ADFA2B73FC1100932AE1 /* PlaylistCollectionViewCell.swift */,
				B116ADFC2B73FC2800932AE1 /* TrackCollectionViewCell.swift */,
				B116AE1C2B7555C700932AE1 /* AlbumTrackCollectionViewCell.swift */,
			);
			path = ViewCells;
			sourceTree = "<group>";
		};
		B186CD1F2B78AE75002FCF6D /* SpotifyCloneTests */ = {
			isa = PBXGroup;
			children = (
				B186CD202B78AE75002FCF6D /* SpotifyCloneTests.swift */,
			);
			path = SpotifyCloneTests;
			sourceTree = "<group>";
		};
/* End PBXGroup section */

/* Begin PBXNativeTarget section */
		B116AD942B71E25400932AE1 /* SpotifyClone */ = {
			isa = PBXNativeTarget;
			buildConfigurationList = B116ADA92B71E25600932AE1 /* Build configuration list for PBXNativeTarget "SpotifyClone" */;
			buildPhases = (
				BB9F0B6266BD3DB056B5E9C6 /* [CP] Check Pods Manifest.lock */,
				B116AD912B71E25400932AE1 /* Sources */,
				B116AD922B71E25400932AE1 /* Frameworks */,
				B116AD932B71E25400932AE1 /* Resources */,
				4D95DF5C37F2ACC2DF11F0B4 /* [CP] Embed Pods Frameworks */,
			);
			buildRules = (
			);
			dependencies = (
			);
			name = SpotifyClone;
			packageProductDependencies = (
				B116ADE82B72DDBF00932AE1 /* SDWebImage */,
				B116ADEA2B72DDBF00932AE1 /* SDWebImageMapKit */,
			);
			productName = SpotifyClone;
			productReference = B116AD952B71E25400932AE1 /* SpotifyClone.app */;
			productType = "com.apple.product-type.application";
		};
		B186CD1D2B78AE75002FCF6D /* SpotifyCloneTests */ = {
			isa = PBXNativeTarget;
			buildConfigurationList = B186CD242B78AE75002FCF6D /* Build configuration list for PBXNativeTarget "SpotifyCloneTests" */;
			buildPhases = (
				B186CD1A2B78AE75002FCF6D /* Sources */,
				B186CD1B2B78AE75002FCF6D /* Frameworks */,
				B186CD1C2B78AE75002FCF6D /* Resources */,
			);
			buildRules = (
			);
			dependencies = (
				B186CD232B78AE75002FCF6D /* PBXTargetDependency */,
			);
			name = SpotifyCloneTests;
			productName = SpotifyCloneTests;
			productReference = B186CD1E2B78AE75002FCF6D /* SpotifyCloneTests.xctest */;
			productType = "com.apple.product-type.bundle.unit-test";
		};
/* End PBXNativeTarget section */

/* Begin PBXProject section */
		B116AD8D2B71E25400932AE1 /* Project object */ = {
			isa = PBXProject;
			attributes = {
				BuildIndependentTargetsInParallel = 1;
				LastSwiftUpdateCheck = 1520;
				LastUpgradeCheck = 1520;
				TargetAttributes = {
					B116AD942B71E25400932AE1 = {
						CreatedOnToolsVersion = 15.2;
					};
					B186CD1D2B78AE75002FCF6D = {
						CreatedOnToolsVersion = 15.2;
						TestTargetID = B116AD942B71E25400932AE1;
					};
				};
			};
			buildConfigurationList = B116AD902B71E25400932AE1 /* Build configuration list for PBXProject "SpotifyClone" */;
			compatibilityVersion = "Xcode 14.0";
			developmentRegion = en;
			hasScannedForEncodings = 0;
			knownRegions = (
				en,
				Base,
			);
			mainGroup = B116AD8C2B71E25400932AE1;
			packageReferences = (
				B116ADE72B72DDBF00932AE1 /* XCRemoteSwiftPackageReference "SDWebImage" */,
			);
			productRefGroup = B116AD962B71E25400932AE1 /* Products */;
			projectDirPath = "";
			projectRoot = "";
			targets = (
				B116AD942B71E25400932AE1 /* SpotifyClone */,
				B186CD1D2B78AE75002FCF6D /* SpotifyCloneTests */,
			);
		};
/* End PBXProject section */

/* Begin PBXResourcesBuildPhase section */
		B116AD932B71E25400932AE1 /* Resources */ = {
			isa = PBXResourcesBuildPhase;
			buildActionMask = 2147483647;
			files = (
				B116ADA52B71E25600932AE1 /* LaunchScreen.storyboard in Resources */,
				B116ADA22B71E25600932AE1 /* Assets.xcassets in Resources */,
			);
			runOnlyForDeploymentPostprocessing = 0;
		};
		B186CD1C2B78AE75002FCF6D /* Resources */ = {
			isa = PBXResourcesBuildPhase;
			buildActionMask = 2147483647;
			files = (
			);
			runOnlyForDeploymentPostprocessing = 0;
		};
/* End PBXResourcesBuildPhase section */

/* Begin PBXShellScriptBuildPhase section */
		4D95DF5C37F2ACC2DF11F0B4 /* [CP] Embed Pods Frameworks */ = {
			isa = PBXShellScriptBuildPhase;
			buildActionMask = 2147483647;
			files = (
			);
			inputFileListPaths = (
				"${PODS_ROOT}/Target Support Files/Pods-SpotifyClone/Pods-SpotifyClone-frameworks-${CONFIGURATION}-input-files.xcfilelist",
			);
			name = "[CP] Embed Pods Frameworks";
			outputFileListPaths = (
				"${PODS_ROOT}/Target Support Files/Pods-SpotifyClone/Pods-SpotifyClone-frameworks-${CONFIGURATION}-output-files.xcfilelist",
			);
			runOnlyForDeploymentPostprocessing = 0;
			shellPath = /bin/sh;
			shellScript = "\"${PODS_ROOT}/Target Support Files/Pods-SpotifyClone/Pods-SpotifyClone-frameworks.sh\"\n";
			showEnvVarsInLog = 0;
		};
		BB9F0B6266BD3DB056B5E9C6 /* [CP] Check Pods Manifest.lock */ = {
			isa = PBXShellScriptBuildPhase;
			buildActionMask = 2147483647;
			files = (
			);
			inputFileListPaths = (
			);
			inputPaths = (
				"${PODS_PODFILE_DIR_PATH}/Podfile.lock",
				"${PODS_ROOT}/Manifest.lock",
			);
			name = "[CP] Check Pods Manifest.lock";
			outputFileListPaths = (
			);
			outputPaths = (
				"$(DERIVED_FILE_DIR)/Pods-SpotifyClone-checkManifestLockResult.txt",
			);
			runOnlyForDeploymentPostprocessing = 0;
			shellPath = /bin/sh;
			shellScript = "diff \"${PODS_PODFILE_DIR_PATH}/Podfile.lock\" \"${PODS_ROOT}/Manifest.lock\" > /dev/null\nif [ $? != 0 ] ; then\n    # print error to STDERR\n    echo \"error: The sandbox is not in sync with the Podfile.lock. Run 'pod install' or update your CocoaPods installation.\" >&2\n    exit 1\nfi\n# This output is used by Xcode 'outputs' to avoid re-running this script phase.\necho \"SUCCESS\" > \"${SCRIPT_OUTPUT_FILE_0}\"\n";
			showEnvVarsInLog = 0;
		};
/* End PBXShellScriptBuildPhase section */

/* Begin PBXSourcesBuildPhase section */
		B116AD912B71E25400932AE1 /* Sources */ = {
			isa = PBXSourcesBuildPhase;
			buildActionMask = 2147483647;
			files = (
				B116AE012B73FD0600932AE1 /* NewReleasesCellViewModel.swift in Sources */,
				B186CCE92B75DCE5002FCF6D /* PlaybackPresenter.swift in Sources */,
				B116ADB52B71E48000932AE1 /* SearchViewController.swift in Sources */,
				B116AE1D2B7555C700932AE1 /* AlbumTrackCollectionViewCell.swift in Sources */,
				B116AE172B748C3200932AE1 /* PlaylistHeaderCollectionReusableView.swift in Sources */,
				B116AE272B75B00B00932AE1 /* CategoryViewController.swift in Sources */,
				B186CCDE2B75D408002FCF6D /* SearchResultDefaultTableViewCell.swift in Sources */,
				B116ADD52B71E56E00932AE1 /* UserProfile.swift in Sources */,
				B116ADCF2B71E55000932AE1 /* Playlist.swift in Sources */,
				B116AE052B742ADE00932AE1 /* PlaylistCellViewModel.swift in Sources */,
				B186CD192B78A610002FCF6D /* PlaylistViewModel.swift in Sources */,
				B116AE212B75688B00932AE1 /* CategoryCollectionViewCell.swift in Sources */,
				B116ADC72B71E50000932AE1 /* SearchResultsViewController.swift in Sources */,
				B116ADF12B72F9BF00932AE1 /* PlaylistResponse.swift in Sources */,
				B186CCE62B75D989002FCF6D /* SearchResultSubtitleTableViewModel.swift in Sources */,
				B186CCED2B7689A8002FCF6D /* AudioManger.swift in Sources */,
				B186CCF82B76BAB5002FCF6D /* ActionLabelView.swift in Sources */,
				B116ADEF2B72F22000932AE1 /* APIImage.swift in Sources */,
				B186CD022B78394D002FCF6D /* HomeViewModel.swift in Sources */,
				B186CCF62B76B833002FCF6D /* LibraryPlaylistResponse.swift in Sources */,
				B186CCDB2B75C9DD002FCF6D /* SearchResult.swift in Sources */,
				B116ADBD2B71E4B900932AE1 /* WelcomeViewController.swift in Sources */,
				B116ADC12B71E4D300932AE1 /* ProfileViewController.swift in Sources */,
				B186CCE02B75D625002FCF6D /* SearchResultDefaultTableViewModel.swift in Sources */,
				B116ADFD2B73FC2800932AE1 /* TrackCollectionViewCell.swift in Sources */,
				B116ADB32B71E45E00932AE1 /* TabBarViewController.swift in Sources */,
				B116AE092B7431E300932AE1 /* AlbumViewController.swift in Sources */,
				B186CD102B789A26002FCF6D /* ProfileViewModel.swift in Sources */,
				B186CCE42B75D8CB002FCF6D /* SearchResultSubtitleTableViewCell.swift in Sources */,
				B116ADF92B73FBFB00932AE1 /* NewReleasesCollectionViewCell.swift in Sources */,
				B186CD092B788554002FCF6D /* LibraryViewModel.swift in Sources */,
				B10E031D2B7946FC00D04705 /* AlbumViewModel.swift in Sources */,
				B116AE152B744BDF00932AE1 /* TracksResponse.swift in Sources */,
				B116ADC92B71E52000932AE1 /* AuthManger.swift in Sources */,
				B186CCEB2B75E58A002FCF6D /* PlayerControlsView.swift in Sources */,
				B186CD122B789F74002FCF6D /* ProfileHeaderView.swift in Sources */,
				B186CD0D2B7886E9002FCF6D /* LibraryAlbumViewModel.swift in Sources */,
				B116AE1B2B754FCD00932AE1 /* TitleHeaderCollectionReusableView.swift in Sources */,
				B116AE132B744B4A00932AE1 /* PlaylistDetailsResponse.swift in Sources */,
				B116ADDD2B72AB3E00932AE1 /* AuthResponse.swift in Sources */,
				B186CD0B2B78863A002FCF6D /* LibraryPlaylistsViewModel.swift in Sources */,
				B116ADF62B73E52800932AE1 /* RecommendationsResponse.swift in Sources */,
				B116ADED2B72F14C00932AE1 /* NewReleasesResponse.swift in Sources */,
				B116ADCD2B71E53800932AE1 /* HapticsManager.swift in Sources */,
				B116ADD12B71E55C00932AE1 /* AudioTrack.swift in Sources */,
				B116AE292B75C65400932AE1 /* SearchResultResponse.swift in Sources */,
				B116ADFB2B73FC1100932AE1 /* PlaylistCollectionViewCell.swift in Sources */,
				B116AE192B748E6500932AE1 /* PlaylistHeaderViewViewModel.swift in Sources */,
				B116AD9D2B71E25400932AE1 /* HomeViewController.swift in Sources */,
				B186CCFE2B783065002FCF6D /* WelcomeViewModel.swift in Sources */,
				B186CD172B78A23B002FCF6D /* CategoryViewModel.swift in Sources */,
				B186CD142B78A069002FCF6D /* ProfileTableViewCell.swift in Sources */,
				B186CCF02B76A02D002FCF6D /* LibraryPlaylistsViewController.swift in Sources */,
				B186CCF22B76A04C002FCF6D /* LibraryAlbumViewController.swift in Sources */,
				B116AE0B2B74358800932AE1 /* AlbumDetailsResponse.swift in Sources */,
				B116AE1F2B75568500932AE1 /* AlbumCollectionViewCellViewModel.swift in Sources */,
				B116ADBB2B71E4AF00932AE1 /* AuthViewController.swift in Sources */,
				B116AE072B742B1E00932AE1 /* TrackCellViewModel.swift in Sources */,
				B116AE112B7438F700932AE1 /* Album.swift in Sources */,
				B186CCF42B76A373002FCF6D /* LibraryToggleView.swift in Sources */,
				B116AD992B71E25400932AE1 /* AppDelegate.swift in Sources */,
				B116AE252B75AEDA00932AE1 /* CategoryCollectionViewCellModel.swift in Sources */,
				B116ADD72B72835000932AE1 /* Extensions.swift in Sources */,
				B116ADB72B71E49100932AE1 /* LibraryViewController.swift in Sources */,
				B116ADE62B72CB1F00932AE1 /* SettingsModels.swift in Sources */,
				B116ADC52B71E4F100932AE1 /* PlaylistViewController.swift in Sources */,
				B186CCE22B75D64E002FCF6D /* SearchSection.swift in Sources */,
				B116AE0D2B74386000932AE1 /* Artist.swift in Sources */,
				B186CD072B788060002FCF6D /* SearchViewModel.swift in Sources */,
				B1CFFF592B79559100229CF1 /* PlayerControlsViewViewModel.swift in Sources */,
				B116AD9B2B71E25400932AE1 /* SceneDelegate.swift in Sources */,
				B116ADC32B71E4E200932AE1 /* PlayerViewController.swift in Sources */,
				B116ADCB2B71E52B00932AE1 /* APICaller.swift in Sources */,
				B116ADBF2B71E4CB00932AE1 /* SettingsViewController.swift in Sources */,
				B186CD002B7837BA002FCF6D /* AuthViewModel.swift in Sources */,
				B116AE232B75799C00932AE1 /* AllCategoriesResponse.swift in Sources */,
				B186CCFA2B781663002FCF6D /* LibraryAlbumsResponse.swift in Sources */,
				B116ADF32B72FCF900932AE1 /* RecommendedGenresResponse.swift in Sources */,
			);
			runOnlyForDeploymentPostprocessing = 0;
		};
		B186CD1A2B78AE75002FCF6D /* Sources */ = {
			isa = PBXSourcesBuildPhase;
			buildActionMask = 2147483647;
			files = (
				B186CD212B78AE75002FCF6D /* SpotifyCloneTests.swift in Sources */,
			);
			runOnlyForDeploymentPostprocessing = 0;
		};
/* End PBXSourcesBuildPhase section */

/* Begin PBXTargetDependency section */
		B186CD232B78AE75002FCF6D /* PBXTargetDependency */ = {
			isa = PBXTargetDependency;
			target = B116AD942B71E25400932AE1 /* SpotifyClone */;
			targetProxy = B186CD222B78AE75002FCF6D /* PBXContainerItemProxy */;
		};
/* End PBXTargetDependency section */

/* Begin PBXVariantGroup section */
		B116ADA32B71E25600932AE1 /* LaunchScreen.storyboard */ = {
			isa = PBXVariantGroup;
			children = (
				B116ADA42B71E25600932AE1 /* Base */,
			);
			name = LaunchScreen.storyboard;
			sourceTree = "<group>";
		};
/* End PBXVariantGroup section */

/* Begin XCBuildConfiguration section */
		B116ADA72B71E25600932AE1 /* Debug */ = {
			isa = XCBuildConfiguration;
			baseConfigurationReference = B116ADF42B73E46200932AE1 /* Config.xcconfig */;
			buildSettings = {
				ALWAYS_SEARCH_USER_PATHS = NO;
				ASSETCATALOG_COMPILER_GENERATE_SWIFT_ASSET_SYMBOL_EXTENSIONS = YES;
				CLANG_ANALYZER_NONNULL = YES;
				CLANG_ANALYZER_NUMBER_OBJECT_CONVERSION = YES_AGGRESSIVE;
				CLANG_CXX_LANGUAGE_STANDARD = "gnu++20";
				CLANG_ENABLE_MODULES = YES;
				CLANG_ENABLE_OBJC_ARC = YES;
				CLANG_ENABLE_OBJC_WEAK = YES;
				CLANG_WARN_BLOCK_CAPTURE_AUTORELEASING = YES;
				CLANG_WARN_BOOL_CONVERSION = YES;
				CLANG_WARN_COMMA = YES;
				CLANG_WARN_CONSTANT_CONVERSION = YES;
				CLANG_WARN_DEPRECATED_OBJC_IMPLEMENTATIONS = YES;
				CLANG_WARN_DIRECT_OBJC_ISA_USAGE = YES_ERROR;
				CLANG_WARN_DOCUMENTATION_COMMENTS = YES;
				CLANG_WARN_EMPTY_BODY = YES;
				CLANG_WARN_ENUM_CONVERSION = YES;
				CLANG_WARN_INFINITE_RECURSION = YES;
				CLANG_WARN_INT_CONVERSION = YES;
				CLANG_WARN_NON_LITERAL_NULL_CONVERSION = YES;
				CLANG_WARN_OBJC_IMPLICIT_RETAIN_SELF = YES;
				CLANG_WARN_OBJC_LITERAL_CONVERSION = YES;
				CLANG_WARN_OBJC_ROOT_CLASS = YES_ERROR;
				CLANG_WARN_QUOTED_INCLUDE_IN_FRAMEWORK_HEADER = YES;
				CLANG_WARN_RANGE_LOOP_ANALYSIS = YES;
				CLANG_WARN_STRICT_PROTOTYPES = YES;
				CLANG_WARN_SUSPICIOUS_MOVE = YES;
				CLANG_WARN_UNGUARDED_AVAILABILITY = YES_AGGRESSIVE;
				CLANG_WARN_UNREACHABLE_CODE = YES;
				CLANG_WARN__DUPLICATE_METHOD_MATCH = YES;
				COPY_PHASE_STRIP = NO;
				DEBUG_INFORMATION_FORMAT = dwarf;
				ENABLE_STRICT_OBJC_MSGSEND = YES;
				ENABLE_TESTABILITY = YES;
				ENABLE_USER_SCRIPT_SANDBOXING = NO;
				GCC_C_LANGUAGE_STANDARD = gnu17;
				GCC_DYNAMIC_NO_PIC = NO;
				GCC_NO_COMMON_BLOCKS = YES;
				GCC_OPTIMIZATION_LEVEL = 0;
				GCC_PREPROCESSOR_DEFINITIONS = (
					"DEBUG=1",
					"$(inherited)",
				);
				GCC_WARN_64_TO_32_BIT_CONVERSION = YES;
				GCC_WARN_ABOUT_RETURN_TYPE = YES_ERROR;
				GCC_WARN_UNDECLARED_SELECTOR = YES;
				GCC_WARN_UNINITIALIZED_AUTOS = YES_AGGRESSIVE;
				GCC_WARN_UNUSED_FUNCTION = YES;
				GCC_WARN_UNUSED_VARIABLE = YES;
				IPHONEOS_DEPLOYMENT_TARGET = 16.0;
				LOCALIZATION_PREFERS_STRING_CATALOGS = YES;
				MTL_ENABLE_DEBUG_INFO = INCLUDE_SOURCE;
				MTL_FAST_MATH = YES;
				ONLY_ACTIVE_ARCH = YES;
				OTHER_LDFLAGS = (
					"-ObjC",
					"-all_load",
				);
				SDKROOT = iphoneos;
				SWIFT_ACTIVE_COMPILATION_CONDITIONS = "DEBUG $(inherited)";
				SWIFT_OPTIMIZATION_LEVEL = "-Onone";
			};
			name = Debug;
		};
		B116ADA82B71E25600932AE1 /* Release */ = {
			isa = XCBuildConfiguration;
			baseConfigurationReference = B116ADF42B73E46200932AE1 /* Config.xcconfig */;
			buildSettings = {
				ALWAYS_SEARCH_USER_PATHS = NO;
				ASSETCATALOG_COMPILER_GENERATE_SWIFT_ASSET_SYMBOL_EXTENSIONS = YES;
				CLANG_ANALYZER_NONNULL = YES;
				CLANG_ANALYZER_NUMBER_OBJECT_CONVERSION = YES_AGGRESSIVE;
				CLANG_CXX_LANGUAGE_STANDARD = "gnu++20";
				CLANG_ENABLE_MODULES = YES;
				CLANG_ENABLE_OBJC_ARC = YES;
				CLANG_ENABLE_OBJC_WEAK = YES;
				CLANG_WARN_BLOCK_CAPTURE_AUTORELEASING = YES;
				CLANG_WARN_BOOL_CONVERSION = YES;
				CLANG_WARN_COMMA = YES;
				CLANG_WARN_CONSTANT_CONVERSION = YES;
				CLANG_WARN_DEPRECATED_OBJC_IMPLEMENTATIONS = YES;
				CLANG_WARN_DIRECT_OBJC_ISA_USAGE = YES_ERROR;
				CLANG_WARN_DOCUMENTATION_COMMENTS = YES;
				CLANG_WARN_EMPTY_BODY = YES;
				CLANG_WARN_ENUM_CONVERSION = YES;
				CLANG_WARN_INFINITE_RECURSION = YES;
				CLANG_WARN_INT_CONVERSION = YES;
				CLANG_WARN_NON_LITERAL_NULL_CONVERSION = YES;
				CLANG_WARN_OBJC_IMPLICIT_RETAIN_SELF = YES;
				CLANG_WARN_OBJC_LITERAL_CONVERSION = YES;
				CLANG_WARN_OBJC_ROOT_CLASS = YES_ERROR;
				CLANG_WARN_QUOTED_INCLUDE_IN_FRAMEWORK_HEADER = YES;
				CLANG_WARN_RANGE_LOOP_ANALYSIS = YES;
				CLANG_WARN_STRICT_PROTOTYPES = YES;
				CLANG_WARN_SUSPICIOUS_MOVE = YES;
				CLANG_WARN_UNGUARDED_AVAILABILITY = YES_AGGRESSIVE;
				CLANG_WARN_UNREACHABLE_CODE = YES;
				CLANG_WARN__DUPLICATE_METHOD_MATCH = YES;
				COPY_PHASE_STRIP = NO;
				DEBUG_INFORMATION_FORMAT = "dwarf-with-dsym";
				ENABLE_NS_ASSERTIONS = NO;
				ENABLE_STRICT_OBJC_MSGSEND = YES;
				ENABLE_USER_SCRIPT_SANDBOXING = NO;
				GCC_C_LANGUAGE_STANDARD = gnu17;
				GCC_NO_COMMON_BLOCKS = YES;
				GCC_WARN_64_TO_32_BIT_CONVERSION = YES;
				GCC_WARN_ABOUT_RETURN_TYPE = YES_ERROR;
				GCC_WARN_UNDECLARED_SELECTOR = YES;
				GCC_WARN_UNINITIALIZED_AUTOS = YES_AGGRESSIVE;
				GCC_WARN_UNUSED_FUNCTION = YES;
				GCC_WARN_UNUSED_VARIABLE = YES;
				IPHONEOS_DEPLOYMENT_TARGET = 16.0;
				LOCALIZATION_PREFERS_STRING_CATALOGS = YES;
				MTL_ENABLE_DEBUG_INFO = NO;
				MTL_FAST_MATH = YES;
				OTHER_LDFLAGS = (
					"-ObjC",
					"-all_load",
				);
				SDKROOT = iphoneos;
				SWIFT_COMPILATION_MODE = wholemodule;
				VALIDATE_PRODUCT = YES;
			};
			name = Release;
		};
		B116ADAA2B71E25600932AE1 /* Debug */ = {
			isa = XCBuildConfiguration;
			baseConfigurationReference = CD0A4716A77DE157AD0B40DD /* Pods-SpotifyClone.debug.xcconfig */;
			buildSettings = {
				ASSETCATALOG_COMPILER_APPICON_NAME = AppIcon;
				ASSETCATALOG_COMPILER_GLOBAL_ACCENT_COLOR_NAME = AccentColor;
				CODE_SIGN_STYLE = Automatic;
				CURRENT_PROJECT_VERSION = 1;
				DEVELOPMENT_TEAM = 7J4CZQNAZR;
				GENERATE_INFOPLIST_FILE = YES;
				INFOPLIST_FILE = SpotifyClone/Info.plist;
				INFOPLIST_KEY_UIApplicationSupportsIndirectInputEvents = YES;
				INFOPLIST_KEY_UILaunchStoryboardName = LaunchScreen;
				INFOPLIST_KEY_UISupportedInterfaceOrientations_iPad = "UIInterfaceOrientationPortrait UIInterfaceOrientationPortraitUpsideDown UIInterfaceOrientationLandscapeLeft UIInterfaceOrientationLandscapeRight";
				INFOPLIST_KEY_UISupportedInterfaceOrientations_iPhone = "UIInterfaceOrientationPortrait UIInterfaceOrientationLandscapeLeft UIInterfaceOrientationLandscapeRight";
				IPHONEOS_DEPLOYMENT_TARGET = 17.0;
				LD_RUNPATH_SEARCH_PATHS = (
					"$(inherited)",
					"@executable_path/Frameworks",
				);
				MARKETING_VERSION = 1.0;
				OTHER_LDFLAGS = "";
				PRODUCT_BUNDLE_IDENTIFIER = phan.mike.SpotifyClone;
				PRODUCT_NAME = "$(TARGET_NAME)";
				SWIFT_EMIT_LOC_STRINGS = YES;
				SWIFT_OBJC_BRIDGING_HEADER = "";
				SWIFT_VERSION = 5.0;
				TARGETED_DEVICE_FAMILY = "1,2";
			};
			name = Debug;
		};
		B116ADAB2B71E25600932AE1 /* Release */ = {
			isa = XCBuildConfiguration;
			baseConfigurationReference = 64812B592FE32B0A11F08B21 /* Pods-SpotifyClone.release.xcconfig */;
			buildSettings = {
				ASSETCATALOG_COMPILER_APPICON_NAME = AppIcon;
				ASSETCATALOG_COMPILER_GLOBAL_ACCENT_COLOR_NAME = AccentColor;
				CODE_SIGN_STYLE = Automatic;
				CURRENT_PROJECT_VERSION = 1;
				DEVELOPMENT_TEAM = 7J4CZQNAZR;
				GENERATE_INFOPLIST_FILE = YES;
				INFOPLIST_FILE = SpotifyClone/Info.plist;
				INFOPLIST_KEY_UIApplicationSupportsIndirectInputEvents = YES;
				INFOPLIST_KEY_UILaunchStoryboardName = LaunchScreen;
				INFOPLIST_KEY_UISupportedInterfaceOrientations_iPad = "UIInterfaceOrientationPortrait UIInterfaceOrientationPortraitUpsideDown UIInterfaceOrientationLandscapeLeft UIInterfaceOrientationLandscapeRight";
				INFOPLIST_KEY_UISupportedInterfaceOrientations_iPhone = "UIInterfaceOrientationPortrait UIInterfaceOrientationLandscapeLeft UIInterfaceOrientationLandscapeRight";
				IPHONEOS_DEPLOYMENT_TARGET = 17.0;
				LD_RUNPATH_SEARCH_PATHS = (
					"$(inherited)",
					"@executable_path/Frameworks",
				);
				MARKETING_VERSION = 1.0;
				OTHER_LDFLAGS = "";
				PRODUCT_BUNDLE_IDENTIFIER = phan.mike.SpotifyClone;
				PRODUCT_NAME = "$(TARGET_NAME)";
				SWIFT_EMIT_LOC_STRINGS = YES;
				SWIFT_OBJC_BRIDGING_HEADER = "";
				SWIFT_VERSION = 5.0;
				TARGETED_DEVICE_FAMILY = "1,2";
			};
			name = Release;
		};
		B186CD252B78AE75002FCF6D /* Debug */ = {
			isa = XCBuildConfiguration;
			buildSettings = {
				BUNDLE_LOADER = "$(TEST_HOST)";
				CODE_SIGN_STYLE = Automatic;
				CURRENT_PROJECT_VERSION = 1;
				DEVELOPMENT_TEAM = 7J4CZQNAZR;
				ENABLE_USER_SCRIPT_SANDBOXING = YES;
				GENERATE_INFOPLIST_FILE = YES;
				IPHONEOS_DEPLOYMENT_TARGET = 17.2;
				MARKETING_VERSION = 1.0;
				PRODUCT_BUNDLE_IDENTIFIER = phan.mike.SpotifyCloneTests;
				PRODUCT_NAME = "$(TARGET_NAME)";
				SWIFT_EMIT_LOC_STRINGS = NO;
				SWIFT_VERSION = 5.0;
				TARGETED_DEVICE_FAMILY = "1,2";
				TEST_HOST = "$(BUILT_PRODUCTS_DIR)/SpotifyClone.app/$(BUNDLE_EXECUTABLE_FOLDER_PATH)/SpotifyClone";
			};
			name = Debug;
		};
		B186CD262B78AE75002FCF6D /* Release */ = {
			isa = XCBuildConfiguration;
			buildSettings = {
				BUNDLE_LOADER = "$(TEST_HOST)";
				CODE_SIGN_STYLE = Automatic;
				CURRENT_PROJECT_VERSION = 1;
				DEVELOPMENT_TEAM = 7J4CZQNAZR;
				ENABLE_USER_SCRIPT_SANDBOXING = YES;
				GENERATE_INFOPLIST_FILE = YES;
				IPHONEOS_DEPLOYMENT_TARGET = 17.2;
				MARKETING_VERSION = 1.0;
				PRODUCT_BUNDLE_IDENTIFIER = phan.mike.SpotifyCloneTests;
				PRODUCT_NAME = "$(TARGET_NAME)";
				SWIFT_EMIT_LOC_STRINGS = NO;
				SWIFT_VERSION = 5.0;
				TARGETED_DEVICE_FAMILY = "1,2";
				TEST_HOST = "$(BUILT_PRODUCTS_DIR)/SpotifyClone.app/$(BUNDLE_EXECUTABLE_FOLDER_PATH)/SpotifyClone";
			};
			name = Release;
		};
/* End XCBuildConfiguration section */

/* Begin XCConfigurationList section */
		B116AD902B71E25400932AE1 /* Build configuration list for PBXProject "SpotifyClone" */ = {
			isa = XCConfigurationList;
			buildConfigurations = (
				B116ADA72B71E25600932AE1 /* Debug */,
				B116ADA82B71E25600932AE1 /* Release */,
			);
			defaultConfigurationIsVisible = 0;
			defaultConfigurationName = Release;
		};
		B116ADA92B71E25600932AE1 /* Build configuration list for PBXNativeTarget "SpotifyClone" */ = {
			isa = XCConfigurationList;
			buildConfigurations = (
				B116ADAA2B71E25600932AE1 /* Debug */,
				B116ADAB2B71E25600932AE1 /* Release */,
			);
			defaultConfigurationIsVisible = 0;
			defaultConfigurationName = Release;
		};
		B186CD242B78AE75002FCF6D /* Build configuration list for PBXNativeTarget "SpotifyCloneTests" */ = {
			isa = XCConfigurationList;
			buildConfigurations = (
				B186CD252B78AE75002FCF6D /* Debug */,
				B186CD262B78AE75002FCF6D /* Release */,
			);
			defaultConfigurationIsVisible = 0;
			defaultConfigurationName = Release;
		};
/* End XCConfigurationList section */

/* Begin XCRemoteSwiftPackageReference section */
		B116ADE72B72DDBF00932AE1 /* XCRemoteSwiftPackageReference "SDWebImage" */ = {
			isa = XCRemoteSwiftPackageReference;
			repositoryURL = "https://github.com/SDWebImage/SDWebImage.git";
			requirement = {
				kind = upToNextMajorVersion;
				minimumVersion = 5.18.10;
			};
		};
/* End XCRemoteSwiftPackageReference section */

/* Begin XCSwiftPackageProductDependency section */
		B116ADE82B72DDBF00932AE1 /* SDWebImage */ = {
			isa = XCSwiftPackageProductDependency;
			package = B116ADE72B72DDBF00932AE1 /* XCRemoteSwiftPackageReference "SDWebImage" */;
			productName = SDWebImage;
		};
		B116ADEA2B72DDBF00932AE1 /* SDWebImageMapKit */ = {
			isa = XCSwiftPackageProductDependency;
			package = B116ADE72B72DDBF00932AE1 /* XCRemoteSwiftPackageReference "SDWebImage" */;
			productName = SDWebImageMapKit;
		};
/* End XCSwiftPackageProductDependency section */
	};
	rootObject = B116AD8D2B71E25400932AE1 /* Project object */;
}
